<?xml version="1.0" encoding="utf-8"?>
<Project ToolsVersion="4.0" xmlns="http://schemas.microsoft.com/developer/msbuild/2003">
  <ItemGroup>
    <ClInclude Include="targetver.h">
      <Filter>Precompiled</Filter>
    </ClInclude>
    <ClInclude Include="stdafx.h">
      <Filter>Precompiled</Filter>
    </ClInclude>
    <ClInclude Include="LuaFunctions.h">
      <Filter>LuaFunctions</Filter>
    </ClInclude>
    <ClInclude Include="LoadManager.h">
      <Filter>LoadManager</Filter>
    </ClInclude>
    <ClInclude Include="LoadObject.h">
      <Filter>LoadObject</Filter>
    </ClInclude>
    <ClInclude Include="LoadModel.h">
      <Filter>LoadThings\LoadModels</Filter>
    </ClInclude>
    <ClInclude Include="LoadScriptComponent.h">
      <Filter>LoadThings\LoadScriptComponent</Filter>
    </ClInclude>
    <ClInclude Include="LoadFireComponent.h">
      <Filter>LoadThings\LoadFireComponent</Filter>
    </ClInclude>
    <ClInclude Include="LoadColliderComponent.h">
      <Filter>LoadThings\LoadCollider</Filter>
    </ClInclude>
    <ClInclude Include="LoadPointLightComponent.h">
      <Filter>LoadThings\LoadPointLight</Filter>
    </ClInclude>
    <ClInclude Include="LoadSoundComponent.h">
      <Filter>LoadThings\LoadSoundComponent</Filter>
    </ClInclude>
    <ClInclude Include="LoadCamera.h">
      <Filter>LoadThings\LoadCamera</Filter>
    </ClInclude>
    <ClInclude Include="ServerLoadManager.h" />
    <ClInclude Include="LoadEnemy.h" />
    <ClInclude Include="LoadNetworkComponent.h">
      <Filter>LoadThings\LoadNetworkComponent</Filter>
    </ClInclude>
    <ClInclude Include="LoadHealthComponent.h">
      <Filter>LoadThings\LoadHealthComponent</Filter>
    </ClInclude>
    <ClInclude Include="LoadWeaponSystemComponent.h">
      <Filter>LoadThings\LoadWeaponSystemComponent</Filter>
    </ClInclude>
    <ClInclude Include="LoadAmmoComponent.h">
      <Filter>LoadThings\LoadAmmoComponent</Filter>
    </ClInclude>
    <ClInclude Include="LoadMovementComponent.h">
      <Filter>LoadThings\LoadMovmentComponent</Filter>
    </ClInclude>
    <ClInclude Include="LoadInputComponent.h">
      <Filter>LoadThings\LoadInputController</Filter>
    </ClInclude>
    <ClInclude Include="LoadHealthPackComponent.h">
      <Filter>LoadThings\LoadHealthPackComponent</Filter>
    </ClInclude>
    <ClInclude Include="LoadAmmoPickupComponent.h">
      <Filter>LoadThings\LoadAmmoPickupComponent</Filter>
    </ClInclude>
  </ItemGroup>
  <ItemGroup>
    <ClCompile Include="stdafx.cpp">
      <Filter>Precompiled</Filter>
    </ClCompile>
    <ClCompile Include="LuaFunctions.cpp">
      <Filter>LuaFunctions</Filter>
    </ClCompile>
    <ClCompile Include="LoadManager.cpp">
      <Filter>LoadManager</Filter>
    </ClCompile>
    <ClCompile Include="LoadObject.cpp">
      <Filter>LoadObject</Filter>
    </ClCompile>
    <ClCompile Include="LoadModel.cpp">
      <Filter>LoadThings\LoadModels</Filter>
    </ClCompile>
    <ClCompile Include="LoadScriptComponent.cpp">
      <Filter>LoadThings\LoadScriptComponent</Filter>
    </ClCompile>
    <ClCompile Include="LoadFireComponent.cpp">
      <Filter>LoadThings\LoadFireComponent</Filter>
    </ClCompile>
    <ClCompile Include="LoadColliderComponent.cpp">
      <Filter>LoadThings\LoadCollider</Filter>
    </ClCompile>
    <ClCompile Include="LoadPointLightComponent.cpp">
      <Filter>LoadThings\LoadPointLight</Filter>
    </ClCompile>
    <ClCompile Include="LoadSoundComponent.cpp">
      <Filter>LoadThings\LoadSoundComponent</Filter>
    </ClCompile>
    <ClCompile Include="LoadCamera.cpp">
      <Filter>LoadThings\LoadCamera</Filter>
    </ClCompile>
    <ClCompile Include="ServerLoadManager.cpp" />
    <ClCompile Include="LoadEnemy.cpp" />
    <ClCompile Include="LoadNetworkComponent.cpp">
      <Filter>LoadThings\LoadNetworkComponent</Filter>
    </ClCompile>
    <ClCompile Include="LoadHealthComponent.cpp">
      <Filter>LoadThings\LoadHealthComponent</Filter>
    </ClCompile>
    <ClCompile Include="LoadWeaponSystemComponent.cpp">
      <Filter>LoadThings\LoadWeaponSystemComponent</Filter>
    </ClCompile>
    <ClCompile Include="LoadAmmoComponent.cpp">
      <Filter>LoadThings\LoadAmmoComponent</Filter>
    </ClCompile>
    <ClCompile Include="LoadMovementComponent.cpp">
      <Filter>LoadThings\LoadMovmentComponent</Filter>
    </ClCompile>
    <ClCompile Include="LoadInputComponent.cpp">
      <Filter>LoadThings\LoadInputController</Filter>
    </ClCompile>
    <ClCompile Include="LoadHealthPackComponent.cpp">
      <Filter>LoadThings\LoadHealthPackComponent</Filter>
    </ClCompile>
    <ClCompile Include="LoadAmmoPickupComponent.cpp">
      <Filter>LoadThings\LoadAmmoPickupComponent</Filter>
    </ClCompile>
  </ItemGroup>
  <ItemGroup>
    <Filter Include="LuaFunctions">
      <UniqueIdentifier>{a33c0251-8964-432b-b372-abd7d6fcdcf0}</UniqueIdentifier>
    </Filter>
    <Filter Include="LoadManager">
      <UniqueIdentifier>{f56e17b2-c60a-469e-afa0-9e5d0cc30d3b}</UniqueIdentifier>
    </Filter>
    <Filter Include="LoadObject">
      <UniqueIdentifier>{c4768a02-cda1-4179-aa63-bea3dbe6547c}</UniqueIdentifier>
    </Filter>
    <Filter Include="LoadThings">
      <UniqueIdentifier>{8ffe0ed9-1a47-4dbf-ab22-ab09a7fa988b}</UniqueIdentifier>
    </Filter>
    <Filter Include="LoadThings\LoadModels">
      <UniqueIdentifier>{acf9c7cc-2225-46d8-8cac-522e2bd15445}</UniqueIdentifier>
    </Filter>
    <Filter Include="LoadThings\LoadScriptComponent">
      <UniqueIdentifier>{17024182-1998-45ac-a4d3-c73267c647e2}</UniqueIdentifier>
    </Filter>
    <Filter Include="LoadThings\LoadFireComponent">
      <UniqueIdentifier>{bb50d118-6b63-4aee-9b9e-0e031cdf0ca8}</UniqueIdentifier>
    </Filter>
    <Filter Include="LoadThings\LoadCollider">
      <UniqueIdentifier>{04529a61-ea2c-45a4-86bc-ee7de1c9ebbb}</UniqueIdentifier>
    </Filter>
    <Filter Include="LoadThings\LoadPointLight">
      <UniqueIdentifier>{2e91866c-ac05-417e-b471-baeb15ed9802}</UniqueIdentifier>
    </Filter>
    <Filter Include="LoadThings\LoadSoundComponent">
      <UniqueIdentifier>{ade5bd1e-58c7-4b36-ab06-afc4059de6df}</UniqueIdentifier>
    </Filter>
    <Filter Include="LoadThings\LoadCamera">
      <UniqueIdentifier>{12fdeb8c-6770-4c0e-8367-30b9b0e14a30}</UniqueIdentifier>
    </Filter>
    <Filter Include="Precompiled">
      <UniqueIdentifier>{35f92d3f-46b3-4c23-9408-4c64a447310e}</UniqueIdentifier>
    </Filter>
    <Filter Include="LoadThings\LoadNetworkComponent">
      <UniqueIdentifier>{1a839b12-f513-4572-91e2-8bdc81908678}</UniqueIdentifier>
    </Filter>
    <Filter Include="LoadThings\LoadHealthComponent">
      <UniqueIdentifier>{6cfd94c6-bff5-407e-ab80-7b0da864d70b}</UniqueIdentifier>
    </Filter>
    <Filter Include="LoadThings\LoadWeaponSystemComponent">
      <UniqueIdentifier>{21a32717-df50-4186-b0b9-6c2e128c7178}</UniqueIdentifier>
    </Filter>
    <Filter Include="LoadThings\LoadAmmoComponent">
      <UniqueIdentifier>{337458a1-a63e-405e-9779-7fcdeb6364f4}</UniqueIdentifier>
    </Filter>
    <Filter Include="LoadThings\LoadMovmentComponent">
      <UniqueIdentifier>{9c3fb45e-65bd-4fb9-ba5d-1f16846851fb}</UniqueIdentifier>
    </Filter>
    <Filter Include="LoadThings\LoadInputController">
      <UniqueIdentifier>{d5e172ed-b3f6-4548-9e11-92076b5c4057}</UniqueIdentifier>
    </Filter>
    <Filter Include="LoadThings\LoadHealthPackComponent">
      <UniqueIdentifier>{20e7d2bb-51c7-418d-b148-f330553f9bef}</UniqueIdentifier>
    </Filter>
    <Filter Include="LoadThings\LoadAmmoPickupComponent">
      <UniqueIdentifier>{0f41c7fb-04fb-4a2d-ba78-c618f9dea398}</UniqueIdentifier>
    </Filter>
  </ItemGroup>
</Project>