<?xml version="1.0" encoding="utf-8"?>
<Project ToolsVersion="4.0" xmlns="http://schemas.microsoft.com/developer/msbuild/2003">
  <ItemGroup>
    <ClInclude Include="targetver.h">
      <Filter>Precompiled</Filter>
    </ClInclude>
    <ClInclude Include="stdafx.h">
      <Filter>Precompiled</Filter>
    </ClInclude>
    <ClInclude Include="LuaFunctions.h">
      <Filter>LuaFunctions</Filter>
    </ClInclude>
    <ClInclude Include="LoadManager.h">
      <Filter>LoadManager</Filter>
    </ClInclude>
    <ClInclude Include="LoadObject.h">
      <Filter>LoadObject</Filter>
    </ClInclude>
    <ClInclude Include="LoadModel.h">
      <Filter>LoadThings\LoadModels</Filter>
    </ClInclude>
    <ClInclude Include="LoadScriptComponent.h">
      <Filter>LoadThings\LoadScriptComponent</Filter>
    </ClInclude>
    <ClInclude Include="LoadFireComponent.h">
      <Filter>LoadThings\LoadFireComponent</Filter>
    </ClInclude>
    <ClInclude Include="LoadColliderComponent.h">
      <Filter>LoadThings\LoadCollider</Filter>
    </ClInclude>
    <ClInclude Include="LoadPointLightComponent.h">
      <Filter>LoadThings\LoadPointLight</Filter>
    </ClInclude>
    <ClInclude Include="LoadSoundComponent.h">
      <Filter>LoadThings\LoadSoundComponent</Filter>
    </ClInclude>
    <ClInclude Include="LoadCamera.h">
      <Filter>LoadThings\LoadCamera</Filter>
    </ClInclude>
    <ClInclude Include="ServerLoadManager.h" />
    <ClInclude Include="LoadNetworkComponent.h">
      <Filter>LoadThings\LoadNetworkComponent</Filter>
    </ClInclude>
    <ClInclude Include="LoadHealthComponent.h">
      <Filter>LoadThings\LoadHealthComponent</Filter>
    </ClInclude>
    <ClInclude Include="LoadWeaponSystemComponent.h">
      <Filter>LoadThings\LoadWeaponSystemComponent</Filter>
    </ClInclude>
    <ClInclude Include="LoadAmmoComponent.h">
      <Filter>LoadThings\LoadAmmoComponent</Filter>
    </ClInclude>
    <ClInclude Include="LoadMovementComponent.h">
      <Filter>LoadThings\LoadMovmentComponent</Filter>
    </ClInclude>
    <ClInclude Include="LoadInputComponent.h">
      <Filter>LoadThings\LoadInputController</Filter>
    </ClInclude>
    <ClInclude Include="LoadHealthPackComponent.h">
      <Filter>LoadThings\LoadHealthPackComponent</Filter>
    </ClInclude>
    <ClInclude Include="LoadAmmoPickupComponent.h">
      <Filter>LoadThings\LoadAmmoPickupComponent</Filter>
    </ClInclude>
    <ClInclude Include="LoadParticleEmitterComponent.h">
      <Filter>LoadThings\LoadParticleComponent</Filter>
    </ClInclude>
    <ClInclude Include="LoadCollider.h" />
    <ClInclude Include="LoadCheckPointComponent.h">
      <Filter>LoadThings\LoadCheckPointComponent</Filter>
    </ClInclude>
    <ClInclude Include="LoadArmorComponent.h" />
    <ClInclude Include="LoadDoorComponent.h">
      <Filter>LoadThings\LoadDoorComponent</Filter>
    </ClInclude>
    <ClInclude Include="LoadKeyPickupComponent.h">
      <Filter>LoadThings\LoadKeyPickupComponent</Filter>
    </ClInclude>
    <ClInclude Include="LoadHighlightComponent.h">
      <Filter>LoadThings\LoadHighlightComponent</Filter>
    </ClInclude>
    <ClInclude Include="LoadDamageOnCollisionComponent.h">
      <Filter>LoadThings\LoadDamageOnCollisionsComponent</Filter>
    </ClInclude>
    <ClInclude Include="LoadEnemy.h">
      <Filter>LoadThings\LoadEnemy</Filter>
    </ClInclude>
    <ClInclude Include="LoadImp.h">
      <Filter>LoadThings\LoadEnemy\LoadImp</Filter>
    </ClInclude>
    <ClInclude Include="LoadRevenant.h">
      <Filter>LoadThings\LoadEnemy\LoadRevenant</Filter>
    </ClInclude>
    <ClInclude Include="LoadPinky.h">
      <Filter>LoadThings\LoadEnemy\LoadPinky</Filter>
    </ClInclude>
    <ClInclude Include="LoadSpawner.h" />
  </ItemGroup>
  <ItemGroup>
    <ClCompile Include="stdafx.cpp">
      <Filter>Precompiled</Filter>
    </ClCompile>
    <ClCompile Include="LuaFunctions.cpp">
      <Filter>LuaFunctions</Filter>
    </ClCompile>
    <ClCompile Include="LoadManager.cpp">
      <Filter>LoadManager</Filter>
    </ClCompile>
    <ClCompile Include="LoadObject.cpp">
      <Filter>LoadObject</Filter>
    </ClCompile>
    <ClCompile Include="LoadModel.cpp">
      <Filter>LoadThings\LoadModels</Filter>
    </ClCompile>
    <ClCompile Include="LoadScriptComponent.cpp">
      <Filter>LoadThings\LoadScriptComponent</Filter>
    </ClCompile>
    <ClCompile Include="LoadFireComponent.cpp">
      <Filter>LoadThings\LoadFireComponent</Filter>
    </ClCompile>
    <ClCompile Include="LoadColliderComponent.cpp">
      <Filter>LoadThings\LoadCollider</Filter>
    </ClCompile>
    <ClCompile Include="LoadPointLightComponent.cpp">
      <Filter>LoadThings\LoadPointLight</Filter>
    </ClCompile>
    <ClCompile Include="LoadSoundComponent.cpp">
      <Filter>LoadThings\LoadSoundComponent</Filter>
    </ClCompile>
    <ClCompile Include="LoadCamera.cpp">
      <Filter>LoadThings\LoadCamera</Filter>
    </ClCompile>
    <ClCompile Include="ServerLoadManager.cpp" />
    <ClCompile Include="LoadNetworkComponent.cpp">
      <Filter>LoadThings\LoadNetworkComponent</Filter>
    </ClCompile>
    <ClCompile Include="LoadHealthComponent.cpp">
      <Filter>LoadThings\LoadHealthComponent</Filter>
    </ClCompile>
    <ClCompile Include="LoadWeaponSystemComponent.cpp">
      <Filter>LoadThings\LoadWeaponSystemComponent</Filter>
    </ClCompile>
    <ClCompile Include="LoadAmmoComponent.cpp">
      <Filter>LoadThings\LoadAmmoComponent</Filter>
    </ClCompile>
    <ClCompile Include="LoadMovementComponent.cpp">
      <Filter>LoadThings\LoadMovmentComponent</Filter>
    </ClCompile>
    <ClCompile Include="LoadInputComponent.cpp">
      <Filter>LoadThings\LoadInputController</Filter>
    </ClCompile>
    <ClCompile Include="LoadHealthPackComponent.cpp">
      <Filter>LoadThings\LoadHealthPackComponent</Filter>
    </ClCompile>
    <ClCompile Include="LoadAmmoPickupComponent.cpp">
      <Filter>LoadThings\LoadAmmoPickupComponent</Filter>
    </ClCompile>
    <ClCompile Include="LoadParticleEmitterComponent.cpp">
      <Filter>LoadThings\LoadParticleComponent</Filter>
    </ClCompile>
    <ClCompile Include="LoadCollider.cpp" />
    <ClCompile Include="LoadCheckPointComponent.cpp">
      <Filter>LoadThings\LoadCheckPointComponent</Filter>
    </ClCompile>
    <ClCompile Include="LoadArmorComponent.cpp" />
    <ClCompile Include="LoadDoorComponent.cpp">
      <Filter>LoadThings\LoadDoorComponent</Filter>
    </ClCompile>
    <ClCompile Include="LoadKeyPickupComponent.cpp">
      <Filter>LoadThings\LoadKeyPickupComponent</Filter>
    </ClCompile>
    <ClCompile Include="LoadHighlightComponent.cpp">
      <Filter>LoadThings\LoadHighlightComponent</Filter>
    </ClCompile>
    <ClCompile Include="LoadDamageOnCollisionComponent.cpp">
      <Filter>LoadThings\LoadDamageOnCollisionsComponent</Filter>
    </ClCompile>
    <ClCompile Include="LoadEnemy.cpp">
      <Filter>LoadThings\LoadEnemy</Filter>
    </ClCompile>
    <ClCompile Include="LoadImp.cpp">
      <Filter>LoadThings\LoadEnemy\LoadImp</Filter>
    </ClCompile>
    <ClCompile Include="LoadRevenant.cpp">
      <Filter>LoadThings\LoadEnemy\LoadRevenant</Filter>
    </ClCompile>
    <ClCompile Include="LoadPinky.cpp">
      <Filter>LoadThings\LoadEnemy\LoadPinky</Filter>
    </ClCompile>
    <ClCompile Include="LoadSpawner.cpp" />
  </ItemGroup>
  <ItemGroup>
    <Filter Include="LuaFunctions">
      <UniqueIdentifier>{a33c0251-8964-432b-b372-abd7d6fcdcf0}</UniqueIdentifier>
    </Filter>
    <Filter Include="LoadManager">
      <UniqueIdentifier>{f56e17b2-c60a-469e-afa0-9e5d0cc30d3b}</UniqueIdentifier>
    </Filter>
    <Filter Include="LoadObject">
      <UniqueIdentifier>{c4768a02-cda1-4179-aa63-bea3dbe6547c}</UniqueIdentifier>
    </Filter>
    <Filter Include="LoadThings">
      <UniqueIdentifier>{8ffe0ed9-1a47-4dbf-ab22-ab09a7fa988b}</UniqueIdentifier>
    </Filter>
    <Filter Include="LoadThings\LoadModels">
      <UniqueIdentifier>{acf9c7cc-2225-46d8-8cac-522e2bd15445}</UniqueIdentifier>
    </Filter>
    <Filter Include="LoadThings\LoadScriptComponent">
      <UniqueIdentifier>{17024182-1998-45ac-a4d3-c73267c647e2}</UniqueIdentifier>
    </Filter>
    <Filter Include="LoadThings\LoadFireComponent">
      <UniqueIdentifier>{bb50d118-6b63-4aee-9b9e-0e031cdf0ca8}</UniqueIdentifier>
    </Filter>
    <Filter Include="LoadThings\LoadCollider">
      <UniqueIdentifier>{04529a61-ea2c-45a4-86bc-ee7de1c9ebbb}</UniqueIdentifier>
    </Filter>
    <Filter Include="LoadThings\LoadPointLight">
      <UniqueIdentifier>{2e91866c-ac05-417e-b471-baeb15ed9802}</UniqueIdentifier>
    </Filter>
    <Filter Include="LoadThings\LoadSoundComponent">
      <UniqueIdentifier>{ade5bd1e-58c7-4b36-ab06-afc4059de6df}</UniqueIdentifier>
    </Filter>
    <Filter Include="LoadThings\LoadCamera">
      <UniqueIdentifier>{12fdeb8c-6770-4c0e-8367-30b9b0e14a30}</UniqueIdentifier>
    </Filter>
    <Filter Include="Precompiled">
      <UniqueIdentifier>{35f92d3f-46b3-4c23-9408-4c64a447310e}</UniqueIdentifier>
    </Filter>
    <Filter Include="LoadThings\LoadNetworkComponent">
      <UniqueIdentifier>{1a839b12-f513-4572-91e2-8bdc81908678}</UniqueIdentifier>
    </Filter>
    <Filter Include="LoadThings\LoadHealthComponent">
      <UniqueIdentifier>{6cfd94c6-bff5-407e-ab80-7b0da864d70b}</UniqueIdentifier>
    </Filter>
    <Filter Include="LoadThings\LoadWeaponSystemComponent">
      <UniqueIdentifier>{21a32717-df50-4186-b0b9-6c2e128c7178}</UniqueIdentifier>
    </Filter>
    <Filter Include="LoadThings\LoadAmmoComponent">
      <UniqueIdentifier>{337458a1-a63e-405e-9779-7fcdeb6364f4}</UniqueIdentifier>
    </Filter>
    <Filter Include="LoadThings\LoadMovmentComponent">
      <UniqueIdentifier>{9c3fb45e-65bd-4fb9-ba5d-1f16846851fb}</UniqueIdentifier>
    </Filter>
    <Filter Include="LoadThings\LoadInputController">
      <UniqueIdentifier>{d5e172ed-b3f6-4548-9e11-92076b5c4057}</UniqueIdentifier>
    </Filter>
    <Filter Include="LoadThings\LoadHealthPackComponent">
      <UniqueIdentifier>{20e7d2bb-51c7-418d-b148-f330553f9bef}</UniqueIdentifier>
    </Filter>
    <Filter Include="LoadThings\LoadAmmoPickupComponent">
      <UniqueIdentifier>{0f41c7fb-04fb-4a2d-ba78-c618f9dea398}</UniqueIdentifier>
    </Filter>
    <Filter Include="LoadThings\LoadParticleComponent">
      <UniqueIdentifier>{008e4187-743c-435d-9166-ed5d1e6732d7}</UniqueIdentifier>
    </Filter>
    <Filter Include="LoadThings\LoadCheckPointComponent">
      <UniqueIdentifier>{c2fd6e44-7dea-4c49-807e-765ef63e75b5}</UniqueIdentifier>
    </Filter>
    <Filter Include="LoadThings\LoadArmorPickupComponent">
      <UniqueIdentifier>{6bef8a7f-9f51-471d-894c-e19cde254bf7}</UniqueIdentifier>
    </Filter>
    <Filter Include="LoadThings\LoadDoorComponent">
      <UniqueIdentifier>{7bdcd003-9d32-48d1-9f38-5b1fa31ff97a}</UniqueIdentifier>
    </Filter>
    <Filter Include="LoadThings\LoadKeyPickupComponent">
      <UniqueIdentifier>{e3aff76f-27e8-44eb-9764-67d2a867abe0}</UniqueIdentifier>
    </Filter>
    <Filter Include="LoadThings\LoadHighlightComponent">
      <UniqueIdentifier>{c4fdf0d2-994a-48be-9599-b8a9dac8c980}</UniqueIdentifier>
    </Filter>
    <Filter Include="LoadThings\LoadDamageOnCollisionsComponent">
      <UniqueIdentifier>{f379301b-a81d-4831-a910-72ecf0872697}</UniqueIdentifier>
    </Filter>
    <Filter Include="LoadThings\LoadEnemy">
      <UniqueIdentifier>{f1afbc62-8752-49af-88fd-d4dd44efd735}</UniqueIdentifier>
    </Filter>
    <Filter Include="LoadThings\LoadEnemy\LoadImp">
      <UniqueIdentifier>{f2244979-99b2-4509-bfd0-0e92e6003504}</UniqueIdentifier>
    </Filter>
    <Filter Include="LoadThings\LoadEnemy\LoadRevenant">
      <UniqueIdentifier>{c7d9d42b-2ae9-4a15-9895-01e3df317975}</UniqueIdentifier>
    </Filter>
    <Filter Include="LoadThings\LoadEnemy\LoadPinky">
      <UniqueIdentifier>{7b1ddefc-6b47-4ff4-8dc6-225ab08420d8}</UniqueIdentifier>
    </Filter>
    <Filter Include="LoadThings\LoadSpawner">
      <UniqueIdentifier>{8101c034-4fd0-4bf8-b15d-5bb2a596d702}</UniqueIdentifier>
    </Filter>
  </ItemGroup>
</Project>