<?xml version="1.0" encoding="utf-8"?>
<Project ToolsVersion="4.0" xmlns="http://schemas.microsoft.com/developer/msbuild/2003">
  <ItemGroup>
    <ClCompile Include="AmmoComponent.cpp" />
    <ClCompile Include="AmmoComponentManager.cpp" />
    <ClCompile Include="AnimationComponent.cpp" />
    <ClCompile Include="ArmorPickupComponent.cpp" />
    <ClCompile Include="AudioSourceComponent.cpp" />
    <ClCompile Include="AudioSourceComponentManager.cpp" />
    <ClCompile Include="BoxColliderComponent.cpp" />
    <ClCompile Include="CameraComponent.cpp" />
    <ClCompile Include="CameraManager.cpp" />
    <ClCompile Include="CapsuleColliderComponent.cpp" />
    <ClCompile Include="CharacterControllerComponent.cpp" />
    <ClCompile Include="CheckpointComponentManager.cpp" />
    <ClCompile Include="CheckPointComponent.cpp" />
    <ClCompile Include="CheckPointSystem.cpp" />
    <ClCompile Include="ColliderComponent.cpp" />
    <ClCompile Include="ColliderComponentManager.cpp" />
    <ClCompile Include="CollisionComponent.cpp" />
    <ClCompile Include="CollisionComponentManager.cpp" />
    <ClCompile Include="ComponentMessageTypeToLua.cpp" />
    <ClCompile Include="DamageOnCollisionComponent.cpp" />
    <ClCompile Include="DamageOnCollisionComponentManager.cpp" />
    <ClCompile Include="DoorComponent.cpp" />
    <ClCompile Include="DoorManager.cpp" />
    <ClCompile Include="Enemy.cpp" />
    <ClCompile Include="EnemyClientRepresentation.cpp" />
    <ClCompile Include="EnemyClientRepresentationManager.cpp" />
    <ClCompile Include="EnemyComponentManager.cpp" />
    <ClCompile Include="ExplosionComponent.cpp" />
    <ClCompile Include="ExplosionComponentManager.cpp" />
    <ClCompile Include="ExplosionFactory.cpp" />
    <ClCompile Include="FireComponent.cpp" />
    <ClCompile Include="HealthComponent.cpp" />
    <ClCompile Include="HealthComponentManager.cpp" />
    <ClCompile Include="HealthPickupComponent.cpp" />
    <ClCompile Include="ImpController.cpp" />
    <ClCompile Include="InputComponent.cpp" />
    <ClCompile Include="IPickupComponent.cpp" />
    <ClCompile Include="KeyPickupComponent.cpp" />
    <ClCompile Include="MeshColliderComponent.cpp" />
    <ClCompile Include="MovementComponent.cpp" />
    <ClCompile Include="MovementComponentManager.cpp" />
    <ClCompile Include="NetworkComponent.cpp" />
    <ClCompile Include="NetworkComponentManager.cpp" />
    <ClCompile Include="NetworkPlayerReciverComponent.cpp" />
    <ClCompile Include="AmmoPickupComponent.cpp" />
    <ClCompile Include="PickupComponentManager.cpp" />
    <ClCompile Include="PinkyController.cpp" />
    <ClCompile Include="PlayerNetworkComponent.cpp" />
    <ClCompile Include="PointLightComponent.cpp" />
    <ClCompile Include="PointLightComponentManager.cpp" />
    <ClCompile Include="ProjectileComponent.cpp" />
    <ClCompile Include="ProjectileComponentManager.cpp" />
    <ClCompile Include="ProjectileFactory.cpp" />
    <ClCompile Include="RevenantController.cpp" />
    <ClCompile Include="RigidBodyComponent.cpp" />
    <ClCompile Include="ScriptComponent.cpp" />
    <ClCompile Include="ScriptComponentManager.cpp" />
    <ClCompile Include="Component.cpp" />
    <ClCompile Include="ComponentManager.cpp" />
    <ClCompile Include="GameObject.cpp" />
    <ClCompile Include="ModelComponent.cpp" />
    <ClCompile Include="ModelComponentManager.cpp" />
    <ClCompile Include="GameObjectManager.cpp" />
    <ClCompile Include="ParticleEmitterComponent.cpp" />
    <ClCompile Include="ParticleEmitterComponentManager.cpp" />
    <ClCompile Include="ServerPlayerNetworkComponent.cpp" />
    <ClCompile Include="Spawner.cpp" />
    <ClCompile Include="SpawnerManager.cpp" />
    <ClCompile Include="SphereColliderComponent.cpp" />
    <ClCompile Include="stdafx.cpp" />
    <ClCompile Include="StreakEmitterComponent.cpp" />
    <ClCompile Include="TriggerArenaComponent.cpp" />
    <ClCompile Include="Weapon.cpp" />
    <ClCompile Include="WeaponFactory.cpp" />
    <ClCompile Include="WeaponPickupComponent.cpp" />
    <ClCompile Include="WeaponSystemComponent.cpp" />
    <ClCompile Include="WeaponSystemManager.cpp" />
    <ClCompile Include="EnemyRunTowardsComponent.cpp" />
    <ClCompile Include="AnimationComponentLoader.cpp" />
  </ItemGroup>
  <ItemGroup>
    <ClInclude Include="AmmoCheckData.h" />
    <ClInclude Include="AmmoComponent.h" />
    <ClInclude Include="AmmoComponentManager.h" />
    <ClInclude Include="AmmoData.h" />
    <ClInclude Include="AmmoReplenishData.h" />
    <ClInclude Include="AnimationComponent.h" />
    <ClInclude Include="ArmorPickupComponent.h" />
    <ClInclude Include="AudioSourceComponent.h" />
    <ClInclude Include="AudioSourceComponentManager.h" />
    <ClInclude Include="BoxColliderComponent.h" />
    <ClInclude Include="CameraComponent.h" />
    <ClInclude Include="CameraManager.h" />
    <ClInclude Include="CapsuleColliderComponent.h" />
    <ClInclude Include="CharacterControllerComponent.h" />
    <ClInclude Include="CheckpointComponentManager.h" />
    <ClInclude Include="CheckPointComponent.h" />
    <ClInclude Include="CheckPointSystem.h" />
    <ClInclude Include="ColliderComponent.h" />
    <ClInclude Include="ColliderComponentManager.h" />
    <ClInclude Include="CollisionComponent.h" />
    <ClInclude Include="CollisionComponentManager.h" />
    <ClInclude Include="ComponentAnswer.h" />
    <ClInclude Include="ComponentMessageCallback.h" />
    <ClInclude Include="ComponentMessageTypeToLua.h" />
    <ClInclude Include="DamageOnCollisionCollidedObjectData.h" />
    <ClInclude Include="DamageOnCollisionComponent.h" />
    <ClInclude Include="DamageOnCollisionComponentManager.h" />
    <ClInclude Include="DoorComponent.h" />
    <ClInclude Include="DoorManager.h" />
    <ClInclude Include="Enemy.h" />
    <ClInclude Include="EnemyBlueprint.h" />
    <ClInclude Include="EnemyClientRepresentation.h" />
    <ClInclude Include="EnemyClientRepresentationManager.h" />
    <ClInclude Include="EnemyComponentManager.h" />
    <ClInclude Include="EnemyTypes.h" />
    <ClInclude Include="ExplosionBufferData.h" />
    <ClInclude Include="ExplosionComponent.h" />
    <ClInclude Include="ExplosionComponentManager.h" />
    <ClInclude Include="ExplosionData.h" />
    <ClInclude Include="ExplosionFactory.h" />
    <ClInclude Include="GeneralAmmoData.h" />
    <ClInclude Include="HealthComponent.h" />
    <ClInclude Include="HealthComponentManager.h" />
    <ClInclude Include="HealthPickupComponent.h" />
    <ClInclude Include="ImpController.h" />
    <ClInclude Include="IPickupComponent.h" />
    <ClInclude Include="KeyPickupComponent.h" />
    <ClInclude Include="MeshColliderComponent.h" />
    <ClInclude Include="MovementComponentManager.h" />
    <ClInclude Include="NetworkComponent.h" />
    <ClInclude Include="NetworkComponentManager.h" />
    <ClInclude Include="NetworkPlayerReciverComponent.h" />
    <ClInclude Include="AmmoPickupComponent.h" />
    <ClInclude Include="PickupComponentManager.h" />
    <ClInclude Include="PinkyController.h" />
    <ClInclude Include="PlayerNetworkComponent.h" />
    <ClInclude Include="ProjectileBufferData.h" />
    <ClInclude Include="resource.h" />
    <ClInclude Include="RevenantController.h" />
    <ClInclude Include="RigidBodyComponent.h" />
    <ClInclude Include="ServerPlayerNetworkComponent.h" />
    <ClInclude Include="Spawner.h" />
    <ClInclude Include="SpawnerManager.h" />
    <ClInclude Include="SphereColliderComponent.h" />
    <ClInclude Include="TriggerArenaComponent.h" />
    <ClInclude Include="WeaponDefines.h" />
    <ClInclude Include="FireComponent.h" />
    <ClInclude Include="HealthPoint.h" />
    <ClInclude Include="InputComponent.h" />
    <ClInclude Include="MovementComponent.h" />
    <ClInclude Include="PlayerControls.h" />
    <ClInclude Include="PointLightComponent.h" />
    <ClInclude Include="PointLightComponentManager.h" />
    <ClInclude Include="ProjectileComponent.h" />
    <ClInclude Include="ProjectileComponentManager.h" />
    <ClInclude Include="ProjectileData.h" />
    <ClInclude Include="ProjectileFactory.h" />
    <ClInclude Include="ScriptComponent.h" />
    <ClInclude Include="ScriptComponentManager.h" />
    <ClInclude Include="Component.h" />
    <ClInclude Include="ComponentManager.h" />
    <ClInclude Include="ComponentMessage.h" />
    <ClInclude Include="GameObject.h" />
    <ClInclude Include="ModelComponent.h" />
    <ClInclude Include="ModelComponentManager.h" />
    <ClInclude Include="GameObjectManager.h" />
    <ClInclude Include="ParticleEmitterComponent.h" />
    <ClInclude Include="ParticleEmitterComponentManager.h" />
    <ClInclude Include="stdafx.h" />
    <ClInclude Include="StreakEmitterComponent.h" />
    <ClInclude Include="targetver.h" />
    <ClInclude Include="Weapon.h" />
    <ClInclude Include="WeaponData.h" />
    <ClInclude Include="WeaponFactory.h" />
    <ClInclude Include="WeaponPickupComponent.h" />
    <ClInclude Include="WeaponSoundData.h" />
    <ClInclude Include="WeaponSystemComponent.h" />
    <ClInclude Include="WeaponSystemManager.h" />
    <ClInclude Include="EnemyRunTowardsComponent.h" />
    <ClInclude Include="AnimationComponentLoader.h" />
  </ItemGroup>
</Project>