<?xml version="1.0" encoding="utf-8"?>
<Project ToolsVersion="4.0" xmlns="http://schemas.microsoft.com/developer/msbuild/2003">
  <ItemGroup>
    <Filter Include="Header Files">
      <UniqueIdentifier>{93995380-89BD-4b04-88EB-625FBE52EBFB}</UniqueIdentifier>
      <Extensions>
      </Extensions>
    </Filter>
    <Filter Include="Resource Files">
      <UniqueIdentifier>{67DA6AB6-F800-4c08-8B7A-83BB121AAD01}</UniqueIdentifier>
      <Extensions>rc;ico;cur;bmp;dlg;rc2;rct;bin;rgs;gif;jpg;jpeg;jpe;resx;tiff;tif;png;wav;mfcribbon-ms</Extensions>
    </Filter>
    <Filter Include="KevinLoader">
      <UniqueIdentifier>{ec03f35c-16de-4efa-b2f9-1158a4c25c36}</UniqueIdentifier>
      <Extensions>
      </Extensions>
    </Filter>
    <Filter Include="ComponentData">
      <UniqueIdentifier>{c22fd038-253e-42e5-8152-e4c0b44eb169}</UniqueIdentifier>
    </Filter>
    <Filter Include="Error">
      <UniqueIdentifier>{1695b3ad-babb-4ca4-b0a6-e68756a8eb79}</UniqueIdentifier>
    </Filter>
  </ItemGroup>
  <ItemGroup>
    <Text Include="ReadMe.txt" />
  </ItemGroup>
  <ItemGroup>
    <ClInclude Include="stdafx.h">
      <Filter>Header Files</Filter>
    </ClInclude>
    <ClInclude Include="targetver.h">
      <Filter>Header Files</Filter>
    </ClInclude>
    <ClInclude Include="KevinLoader.h">
      <Filter>KevinLoader</Filter>
    </ClInclude>
    <ClInclude Include="ComponentData.h">
      <Filter>ComponentData</Filter>
    </ClInclude>
    <ClInclude Include="KLoaderError.h">
      <Filter>Error</Filter>
    </ClInclude>
  </ItemGroup>
  <ItemGroup>
    <ClCompile Include="stdafx.cpp">
      <Filter>Header Files</Filter>
    </ClCompile>
    <ClCompile Include="KevinLoader.cpp">
      <Filter>KevinLoader</Filter>
    </ClCompile>
    <ClCompile Include="ComponentData.cpp">
      <Filter>ComponentData</Filter>
    </ClCompile>
  </ItemGroup>
</Project>