<?xml version="1.0" encoding="utf-8"?>
<Project ToolsVersion="4.0" xmlns="http://schemas.microsoft.com/developer/msbuild/2003">
  <ItemGroup>
    <Filter Include="Source Files">
      <UniqueIdentifier>{4FC737F1-C7A5-4376-A066-2A32D752A2FF}</UniqueIdentifier>
      <Extensions>
      </Extensions>
    </Filter>
    <Filter Include="Header Files">
      <UniqueIdentifier>{93995380-89BD-4b04-88EB-625FBE52EBFB}</UniqueIdentifier>
      <Extensions>
      </Extensions>
    </Filter>
    <Filter Include="Resource Files">
      <UniqueIdentifier>{67DA6AB6-F800-4c08-8B7A-83BB121AAD01}</UniqueIdentifier>
      <Extensions>rc;ico;cur;bmp;dlg;rc2;rct;bin;rgs;gif;jpg;jpeg;jpe;resx;tiff;tif;png;wav;mfcribbon-ms</Extensions>
    </Filter>
    <Filter Include="NetworkMessage">
      <UniqueIdentifier>{362cc34c-3f25-4810-963a-6b8924627a09}</UniqueIdentifier>
    </Filter>
    <Filter Include="NetworkMessage\ConnectResponse">
      <UniqueIdentifier>{354dadac-ce0e-4c3b-9105-0f3486ca64cf}</UniqueIdentifier>
    </Filter>
    <Filter Include="NetworkMessage\ChatMessage">
      <UniqueIdentifier>{eec7ebc4-5392-4fe6-8562-c48cbd5d6905}</UniqueIdentifier>
    </Filter>
    <Filter Include="NetworkMessage\Ping">
      <UniqueIdentifier>{bd558f3a-5d81-41a5-bbcf-976d8f5d0125}</UniqueIdentifier>
    </Filter>
    <Filter Include="NetworkMessage\PingResponse">
      <UniqueIdentifier>{cac55446-5b10-4967-9620-aaef92080018}</UniqueIdentifier>
    </Filter>
    <Filter Include="NetworkMessage\Position">
      <UniqueIdentifier>{75374b5c-d953-4dac-9dc2-14a8e9a7b75b}</UniqueIdentifier>
    </Filter>
    <Filter Include="NetworkMessage\Connect">
      <UniqueIdentifier>{4b050800-97dd-452d-a9cb-2fa2cefe07b9}</UniqueIdentifier>
    </Filter>
    <Filter Include="NetworkMessage\MessageDeImportante">
      <UniqueIdentifier>{086985a4-756c-4c68-9d51-9180aa70ffb5}</UniqueIdentifier>
    </Filter>
    <Filter Include="NetworkMessage\loadLevel">
      <UniqueIdentifier>{5c873a7d-2ece-4857-bc70-9eed67563c94}</UniqueIdentifier>
    </Filter>
    <Filter Include="NetworkMessage\Ready">
      <UniqueIdentifier>{6f20ca8c-8e23-4ca4-8ecc-6b8edbef9727}</UniqueIdentifier>
    </Filter>
    <Filter Include="NetworkMessage\SpawnOtherPlayer">
      <UniqueIdentifier>{2c84c887-1fe6-4434-943b-1f76ed546ee4}</UniqueIdentifier>
    </Filter>
    <Filter Include="NetworkMessage\Disconected">
      <UniqueIdentifier>{7f0f6689-a469-4cc2-a5cb-ebc72d811692}</UniqueIdentifier>
    </Filter>
    <Filter Include="NetworkMessage\Door">
      <UniqueIdentifier>{7d37306e-c32b-4dc2-aa39-0869539973d6}</UniqueIdentifier>
    </Filter>
    <Filter Include="NetworkMessage\Enemy">
      <UniqueIdentifier>{be64e939-335e-43ee-ba3e-75d5b74a2b6e}</UniqueIdentifier>
    </Filter>
    <Filter Include="NetworkMessage\Pickups">
      <UniqueIdentifier>{67e25a24-992f-4452-a48b-56c7b327603a}</UniqueIdentifier>
    </Filter>
    <Filter Include="NetworkMessage\Player">
      <UniqueIdentifier>{145ac9a3-1de6-46e0-95d3-371abc6dfda5}</UniqueIdentifier>
    </Filter>
    <Filter Include="NetworkMessage\Checkpoint">
      <UniqueIdentifier>{91867b14-a7ab-43c5-9cbf-027fa8306faa}</UniqueIdentifier>
    </Filter>
    <Filter Include="NetworkMessage\Damage">
      <UniqueIdentifier>{1e08d2dd-a84c-464f-98df-e2b86b8fa3be}</UniqueIdentifier>
    </Filter>
    <Filter Include="NetworkMessage\Shoot">
      <UniqueIdentifier>{ebdcb6fd-5c3c-4fdd-9115-62d37fa7fffb}</UniqueIdentifier>
    </Filter>
  </ItemGroup>
  <ItemGroup>
    <Text Include="ReadMe.txt" />
  </ItemGroup>
  <ItemGroup>
    <ClInclude Include="stdafx.h">
      <Filter>Header Files</Filter>
    </ClInclude>
    <ClInclude Include="targetver.h">
      <Filter>Header Files</Filter>
    </ClInclude>
    <ClInclude Include="CommonErrorHandling.h">
      <Filter>Header Files</Filter>
    </ClInclude>
    <ClInclude Include="CommonNetworkIncludes.h">
      <Filter>Header Files</Filter>
    </ClInclude>
    <ClInclude Include="PackageType.h">
      <Filter>Header Files</Filter>
    </ClInclude>
    <ClInclude Include="SerializeHelper.h">
      <Filter>Header Files</Filter>
    </ClInclude>
    <ClInclude Include="TShared_NetworkWrapper.h">
      <Filter>Header Files</Filter>
    </ClInclude>
    <ClInclude Include="NetworkMessage_ConectResponse.h">
      <Filter>NetworkMessage\ConnectResponse</Filter>
    </ClInclude>
    <ClInclude Include="NetworkMessage_ChatMessage.h">
      <Filter>NetworkMessage\ChatMessage</Filter>
    </ClInclude>
    <ClInclude Include="MessageManager.h">
      <Filter>NetworkMessage</Filter>
    </ClInclude>
    <ClInclude Include="NetworkMessage.h">
      <Filter>NetworkMessage</Filter>
    </ClInclude>
    <ClInclude Include="NetworkMessage_Ping.h">
      <Filter>NetworkMessage\Ping</Filter>
    </ClInclude>
    <ClInclude Include="NetworkMessage_PingResponse.h">
      <Filter>NetworkMessage\PingResponse</Filter>
    </ClInclude>
    <ClInclude Include="NetworkMessage_Position.h">
      <Filter>NetworkMessage\Position</Filter>
    </ClInclude>
    <ClInclude Include="NetworkMesssage_Connect.h">
      <Filter>NetworkMessage\Connect</Filter>
    </ClInclude>
    <ClInclude Include="ImportantNetworkMessage.h">
      <Filter>NetworkMessage\MessageDeImportante</Filter>
    </ClInclude>
    <ClInclude Include="NetworkMessage_LoadLevel.h">
      <Filter>NetworkMessage\loadLevel</Filter>
    </ClInclude>
    <ClInclude Include="NetworkMessageHolder.h">
      <Filter>NetworkMessage</Filter>
    </ClInclude>
    <ClInclude Include="NetworkMessage_ClientReady.h">
      <Filter>NetworkMessage\Ready</Filter>
    </ClInclude>
    <ClInclude Include="NetworkMessage_ServerReady.h">
      <Filter>NetworkMessage\Ready</Filter>
    </ClInclude>
    <ClInclude Include="Tshared_NetworkId.h" />
    <ClInclude Include="MessageStorage.h" />
    <ClInclude Include="NetworkMessage_SpawnOtherPlayer.h">
      <Filter>NetworkMessage\SpawnOtherPlayer</Filter>
    </ClInclude>
    <ClInclude Include="NetworkMessage_Disconected.h">
      <Filter>NetworkMessage\Disconected</Filter>
    </ClInclude>
    <ClInclude Include="NetworkMessage_TryToShoot.h" />
    <ClInclude Include="NetworkMessage_OKShoot.h" />
    <ClInclude Include="NetworkMessage_DoorMessage.h">
      <Filter>NetworkMessage\Door</Filter>
    </ClInclude>
    <ClInclude Include="NetworkMessage_EnemyPosition.h">
      <Filter>NetworkMessage\Enemy</Filter>
    </ClInclude>
    <ClInclude Include="NetworkMessage_EnemyTransformation.h">
      <Filter>NetworkMessage\Enemy</Filter>
    </ClInclude>
    <ClInclude Include="NetWorkMessage_PickupAmmo.h">
      <Filter>NetworkMessage\Pickups</Filter>
    </ClInclude>
    <ClInclude Include="Networkmessage_PickupArmor.h">
      <Filter>NetworkMessage\Pickups</Filter>
    </ClInclude>
    <ClInclude Include="NetworkMessage_PickupHealth.h">
      <Filter>NetworkMessage\Pickups</Filter>
    </ClInclude>
    <ClInclude Include="NetworkMessage_PickupKey.h">
      <Filter>NetworkMessage\Pickups</Filter>
    </ClInclude>
    <ClInclude Include="NetworkMessage_PlayerDied.h">
      <Filter>NetworkMessage\Player</Filter>
    </ClInclude>
    <ClInclude Include="NetworkMessage_PlayerPositionMessage.h">
      <Filter>NetworkMessage\Player</Filter>
    </ClInclude>
    <ClInclude Include="NetworkMessage_PlayerRespawned.h">
      <Filter>NetworkMessage\Checkpoint</Filter>
    </ClInclude>
    <ClInclude Include="NetworkMessage_ResetToCheckpoint.h">
      <Filter>NetworkMessage\Checkpoint</Filter>
    </ClInclude>
    <ClInclude Include="NetworkMessage_RevivePlayer.h">
      <Filter>NetworkMessage\Checkpoint</Filter>
    </ClInclude>
    <ClInclude Include="NetworkMessage_TakeDamage.h">
      <Filter>NetworkMessage\Damage</Filter>
    </ClInclude>
    <ClInclude Include="NetworkMessage_SetCheckpointMessage.h">
      <Filter>NetworkMessage\Checkpoint</Filter>
    </ClInclude>
    <ClInclude Include="NetworkMessage_WeaponShoot.h">
      <Filter>NetworkMessage\Shoot</Filter>
    </ClInclude>
    <ClInclude Include="NetworkMessage_SpawnEnemyRepesention.h" />
    <ClInclude Include="NetworkMessage_SetIsRepesentationActive.h" />
  </ItemGroup>
  <ItemGroup>
    <ClCompile Include="stdafx.cpp">
      <Filter>Source Files</Filter>
    </ClCompile>
    <ClCompile Include="TShared_NetworkWrapper.cpp">
      <Filter>Source Files</Filter>
    </ClCompile>
    <ClCompile Include="NetworkMessage_ConectResponse.cpp">
      <Filter>NetworkMessage\ConnectResponse</Filter>
    </ClCompile>
    <ClCompile Include="NetworkMessage_ChatMessage.cpp">
      <Filter>NetworkMessage\ChatMessage</Filter>
    </ClCompile>
    <ClCompile Include="MessageManager.cpp">
      <Filter>NetworkMessage</Filter>
    </ClCompile>
    <ClCompile Include="NetworkMessage.cpp">
      <Filter>NetworkMessage</Filter>
    </ClCompile>
    <ClCompile Include="NetworkMessage_Ping.cpp">
      <Filter>NetworkMessage\Ping</Filter>
    </ClCompile>
    <ClCompile Include="NetworkMessage_PingResponse.cpp">
      <Filter>NetworkMessage\PingResponse</Filter>
    </ClCompile>
    <ClCompile Include="NetworkMessage_Position.cpp">
      <Filter>NetworkMessage\Position</Filter>
    </ClCompile>
    <ClCompile Include="NetworkMesssage_Connect.cpp">
      <Filter>NetworkMessage\Connect</Filter>
    </ClCompile>
    <ClCompile Include="ImportantNetworkMessage.cpp">
      <Filter>NetworkMessage\MessageDeImportante</Filter>
    </ClCompile>
    <ClCompile Include="NetworkMessage_LoadLevel.cpp">
      <Filter>NetworkMessage\loadLevel</Filter>
    </ClCompile>
    <ClCompile Include="NetworkMessage_ClientReady.cpp">
      <Filter>NetworkMessage\Ready</Filter>
    </ClCompile>
    <ClCompile Include="NetworkMessage_ServerReady.cpp">
      <Filter>NetworkMessage\Ready</Filter>
    </ClCompile>
    <ClCompile Include="MessageStorage.cpp" />
    <ClCompile Include="NetworkMessage_SpawnOtherPlayer.cpp">
      <Filter>NetworkMessage\SpawnOtherPlayer</Filter>
    </ClCompile>
    <ClCompile Include="NetworkMessage_Disconected.cpp">
      <Filter>NetworkMessage\Disconected</Filter>
    </ClCompile>
    <ClCompile Include="NetworkMessage_TryToShoot.cpp" />
    <ClCompile Include="NetworkMessage_OKShoot.cpp" />
    <ClCompile Include="NetworkMessage_DoorMessage.cpp">
      <Filter>NetworkMessage\Door</Filter>
    </ClCompile>
    <ClCompile Include="NetworkMessage_EnemyPosition.cpp">
      <Filter>NetworkMessage\Enemy</Filter>
    </ClCompile>
    <ClCompile Include="NetworkMessage_EnemyTransformation.cpp">
      <Filter>NetworkMessage\Enemy</Filter>
    </ClCompile>
    <ClCompile Include="NetWorkMessage_PickupAmmo.cpp">
      <Filter>NetworkMessage\Pickups</Filter>
    </ClCompile>
    <ClCompile Include="Networkmessage_PickupArmor.cpp">
      <Filter>NetworkMessage\Pickups</Filter>
    </ClCompile>
    <ClCompile Include="NetworkMessage_PickupHealth.cpp">
      <Filter>NetworkMessage\Pickups</Filter>
    </ClCompile>
    <ClCompile Include="NetworkMessage_PickupKey.cpp">
      <Filter>NetworkMessage\Pickups</Filter>
    </ClCompile>
    <ClCompile Include="NetworkMessage_PlayerDied.cpp">
      <Filter>NetworkMessage\Player</Filter>
    </ClCompile>
    <ClCompile Include="NetworkMessage_PlayerPositionMessage.cpp">
      <Filter>NetworkMessage\Player</Filter>
    </ClCompile>
    <ClCompile Include="NetworkMessage_PlayerRespawned.cpp">
      <Filter>NetworkMessage\Checkpoint</Filter>
    </ClCompile>
    <ClCompile Include="NetworkMessage_ResetToCheckpoint.cpp">
      <Filter>NetworkMessage\Checkpoint</Filter>
    </ClCompile>
    <ClCompile Include="NetworkMessage_RevivePlayer.cpp">
      <Filter>NetworkMessage\Checkpoint</Filter>
    </ClCompile>
    <ClCompile Include="NetworkMessage_TakeDamage.cpp">
      <Filter>NetworkMessage\Damage</Filter>
    </ClCompile>
    <ClCompile Include="NetworkMessage_SetCheckpointMessage.cpp">
      <Filter>NetworkMessage\Checkpoint</Filter>
    </ClCompile>
    <ClCompile Include="NetworkMessage_WeaponShoot.cpp">
      <Filter>NetworkMessage\Shoot</Filter>
    </ClCompile>
    <ClCompile Include="NetworkMessage_SpawnEnemyRepesention.cpp" />
    <ClCompile Include="NetworkMessage_SetIsRepesentationActive.cpp" />
  </ItemGroup>
</Project>