<?xml version="1.0" encoding="utf-8"?>
<Project ToolsVersion="4.0" xmlns="http://schemas.microsoft.com/developer/msbuild/2003">
  <ItemGroup>
    <Filter Include="Resource Files">
      <UniqueIdentifier>{67DA6AB6-F800-4c08-8B7A-83BB121AAD01}</UniqueIdentifier>
      <Extensions>rc;ico;cur;bmp;dlg;rc2;rct;bin;rgs;gif;jpg;jpeg;jpe;resx;tiff;tif;png;wav;mfcribbon-ms</Extensions>
    </Filter>
    <Filter Include="Queue">
      <UniqueIdentifier>{4544d155-87a4-4a7d-8151-552f47103ec7}</UniqueIdentifier>
    </Filter>
    <Filter Include="Queue\Base">
      <UniqueIdentifier>{d3efeae4-6be8-4a06-9d4c-e8f78555323d}</UniqueIdentifier>
    </Filter>
    <Filter Include="Queue\Lockless">
      <UniqueIdentifier>{459b4575-68c9-41ec-ad60-94c71c77035d}</UniqueIdentifier>
    </Filter>
  </ItemGroup>
  <ItemGroup>
    <ClInclude Include="LocklessQueue.h">
      <Filter>Queue\Lockless</Filter>
    </ClInclude>
    <ClInclude Include="Queue.h">
      <Filter>Queue\Base</Filter>
    </ClInclude>
  </ItemGroup>
</Project>