<?xml version="1.0" encoding="utf-8"?>
<Project ToolsVersion="4.0" xmlns="http://schemas.microsoft.com/developer/msbuild/2003">
  <ItemGroup>
    <Filter Include="stdafx">
      <UniqueIdentifier>{93995380-89BD-4b04-88EB-625FBE52EBFB}</UniqueIdentifier>
      <Extensions>h;hh;hpp;hxx;hm;inl;inc;xsd</Extensions>
    </Filter>
    <Filter Include="PhysX">
      <UniqueIdentifier>{1160ec4b-d937-4721-bd21-a8c792c80535}</UniqueIdentifier>
    </Filter>
    <Filter Include="PhysX\Include">
      <UniqueIdentifier>{d5a29ac8-c9d6-47da-acf3-4096d90c10a9}</UniqueIdentifier>
    </Filter>
    <Filter Include="PhysX\Memory">
      <UniqueIdentifier>{912d1bce-a811-48dc-a5a2-05bf230a1b54}</UniqueIdentifier>
    </Filter>
    <Filter Include="PhysX\Error">
      <UniqueIdentifier>{157fbd67-4e17-4fef-9e77-56d943c90495}</UniqueIdentifier>
    </Filter>
    <Filter Include="SmartPointer">
      <UniqueIdentifier>{90331454-d8d1-4032-8e3a-cf2613cf7f4b}</UniqueIdentifier>
    </Filter>
    <Filter Include="SmartPointer\Base">
      <UniqueIdentifier>{5f50e58d-312f-4256-b13c-d9fd83135505}</UniqueIdentifier>
    </Filter>
    <Filter Include="SmartPointer\Shared">
      <UniqueIdentifier>{8805b3a3-819c-4c81-8415-bb342941afe7}</UniqueIdentifier>
    </Filter>
    <Filter Include="SmartPointer\Unique">
      <UniqueIdentifier>{b763e72b-ae19-4dd4-b328-41e87ee89622}</UniqueIdentifier>
    </Filter>
    <Filter Include="Apex">
      <UniqueIdentifier>{ba8ab9e4-d04e-43e0-a19e-04a091251901}</UniqueIdentifier>
    </Filter>
    <Filter Include="Apex\Include">
      <UniqueIdentifier>{336d17f3-1bac-4ffe-a2b4-1aa2ebd84cf4}</UniqueIdentifier>
    </Filter>
    <Filter Include="Apex\Include\loader">
      <UniqueIdentifier>{68a03bcd-cdd1-4683-a7b8-60dd0f445819}</UniqueIdentifier>
    </Filter>
    <Filter Include="Apex\Include\basicfs">
      <UniqueIdentifier>{84cab6a5-dfbf-417c-be55-7bbaf8b3d202}</UniqueIdentifier>
    </Filter>
    <Filter Include="Apex\Include\basicios">
      <UniqueIdentifier>{e6f8a700-9f7b-466c-ac3d-06222c412dc7}</UniqueIdentifier>
    </Filter>
    <Filter Include="Apex\Include\clothing">
      <UniqueIdentifier>{e2fd481c-ba05-458c-9980-a00b7921902b}</UniqueIdentifier>
    </Filter>
    <Filter Include="Apex\Include\destructible">
      <UniqueIdentifier>{ce4f5a67-e997-4a88-a0a9-0c831738a251}</UniqueIdentifier>
    </Filter>
    <Filter Include="Apex\Include\emitter">
      <UniqueIdentifier>{dd7e98db-91bd-4995-8d80-bc50041de419}</UniqueIdentifier>
    </Filter>
    <Filter Include="Apex\Include\fieldsampler">
      <UniqueIdentifier>{9b8a62ab-e731-4c08-9273-8b8a3982b9a1}</UniqueIdentifier>
    </Filter>
    <Filter Include="Apex\Include\forcefield">
      <UniqueIdentifier>{6d28e0ee-5f5f-49ca-b261-e20cd304a3da}</UniqueIdentifier>
    </Filter>
    <Filter Include="Apex\Include\iofx">
      <UniqueIdentifier>{03312092-2a7c-4033-accd-fc59ab987d30}</UniqueIdentifier>
    </Filter>
    <Filter Include="Apex\Include\legacy">
      <UniqueIdentifier>{4aaa062e-2d64-4cfd-b5cb-65845a79dbf8}</UniqueIdentifier>
    </Filter>
    <Filter Include="Apex\Include\nvparameterized">
      <UniqueIdentifier>{5f72bbbd-938b-4066-ad53-00105ef8d5f3}</UniqueIdentifier>
    </Filter>
    <Filter Include="Apex\Include\particles">
      <UniqueIdentifier>{d4af110c-06d1-4757-adbc-52450ef0d928}</UniqueIdentifier>
    </Filter>
    <Filter Include="Apex\Include\PhysX0">
      <UniqueIdentifier>{b856e0b0-701d-490a-b923-c3099d60dc75}</UniqueIdentifier>
    </Filter>
    <Filter Include="Apex\Include\PhysX3">
      <UniqueIdentifier>{6c25ba0a-9c59-4907-b13a-2711e33611ed}</UniqueIdentifier>
    </Filter>
    <Filter Include="Apex\Include\pxparticleios">
      <UniqueIdentifier>{146e28c5-99da-4f77-b05c-821c2ce6f0ec}</UniqueIdentifier>
    </Filter>
    <Filter Include="Apex\Include\turbulencefs">
      <UniqueIdentifier>{9e8a4fbc-5840-4348-af7b-e390bad5b1ee}</UniqueIdentifier>
    </Filter>
    <Filter Include="Apex\RenderResourceManager">
      <UniqueIdentifier>{6d071385-3de8-4d5e-be1a-b1f365a25a85}</UniqueIdentifier>
    </Filter>
    <Filter Include="Apex\ResourceCallback">
      <UniqueIdentifier>{ef14ed5d-c64d-4d5c-add8-e7b5de91e548}</UniqueIdentifier>
    </Filter>
  </ItemGroup>
  <ItemGroup>
    <ClInclude Include="stdafx.h">
      <Filter>stdafx</Filter>
    </ClInclude>
    <ClInclude Include="targetver.h">
      <Filter>stdafx</Filter>
    </ClInclude>
    <ClInclude Include="Include\PxActor.h">
      <Filter>PhysX\Include</Filter>
    </ClInclude>
    <ClInclude Include="Include\PxAggregate.h">
      <Filter>PhysX\Include</Filter>
    </ClInclude>
    <ClInclude Include="Include\PxArticulation.h">
      <Filter>PhysX\Include</Filter>
    </ClInclude>
    <ClInclude Include="Include\PxArticulationJoint.h">
      <Filter>PhysX\Include</Filter>
    </ClInclude>
    <ClInclude Include="Include\PxArticulationLink.h">
      <Filter>PhysX\Include</Filter>
    </ClInclude>
    <ClInclude Include="Include\PxBatchQuery.h">
      <Filter>PhysX\Include</Filter>
    </ClInclude>
    <ClInclude Include="Include\PxBatchQueryDesc.h">
      <Filter>PhysX\Include</Filter>
    </ClInclude>
    <ClInclude Include="Include\PxBroadPhase.h">
      <Filter>PhysX\Include</Filter>
    </ClInclude>
    <ClInclude Include="Include\PxClient.h">
      <Filter>PhysX\Include</Filter>
    </ClInclude>
    <ClInclude Include="Include\PxConstraint.h">
      <Filter>PhysX\Include</Filter>
    </ClInclude>
    <ClInclude Include="Include\PxConstraintDesc.h">
      <Filter>PhysX\Include</Filter>
    </ClInclude>
    <ClInclude Include="Include\PxContact.h">
      <Filter>PhysX\Include</Filter>
    </ClInclude>
    <ClInclude Include="Include\PxContactModifyCallback.h">
      <Filter>PhysX\Include</Filter>
    </ClInclude>
    <ClInclude Include="Include\PxDeletionListener.h">
      <Filter>PhysX\Include</Filter>
    </ClInclude>
    <ClInclude Include="Include\PxFiltering.h">
      <Filter>PhysX\Include</Filter>
    </ClInclude>
    <ClInclude Include="Include\PxForceMode.h">
      <Filter>PhysX\Include</Filter>
    </ClInclude>
    <ClInclude Include="Include\PxImmediateMode.h">
      <Filter>PhysX\Include</Filter>
    </ClInclude>
    <ClInclude Include="Include\PxLockedData.h">
      <Filter>PhysX\Include</Filter>
    </ClInclude>
    <ClInclude Include="Include\PxMaterial.h">
      <Filter>PhysX\Include</Filter>
    </ClInclude>
    <ClInclude Include="Include\PxPhysics.h">
      <Filter>PhysX\Include</Filter>
    </ClInclude>
    <ClInclude Include="Include\PxPhysicsAPI.h">
      <Filter>PhysX\Include</Filter>
    </ClInclude>
    <ClInclude Include="Include\PxPhysicsSerialization.h">
      <Filter>PhysX\Include</Filter>
    </ClInclude>
    <ClInclude Include="Include\PxPhysicsVersion.h">
      <Filter>PhysX\Include</Filter>
    </ClInclude>
    <ClInclude Include="Include\PxPhysXConfig.h">
      <Filter>PhysX\Include</Filter>
    </ClInclude>
    <ClInclude Include="Include\PxPruningStructure.h">
      <Filter>PhysX\Include</Filter>
    </ClInclude>
    <ClInclude Include="Include\PxQueryFiltering.h">
      <Filter>PhysX\Include</Filter>
    </ClInclude>
    <ClInclude Include="Include\PxQueryReport.h">
      <Filter>PhysX\Include</Filter>
    </ClInclude>
    <ClInclude Include="Include\PxRigidActor.h">
      <Filter>PhysX\Include</Filter>
    </ClInclude>
    <ClInclude Include="Include\PxRigidBody.h">
      <Filter>PhysX\Include</Filter>
    </ClInclude>
    <ClInclude Include="Include\PxRigidDynamic.h">
      <Filter>PhysX\Include</Filter>
    </ClInclude>
    <ClInclude Include="Include\PxRigidStatic.h">
      <Filter>PhysX\Include</Filter>
    </ClInclude>
    <ClInclude Include="Include\PxScene.h">
      <Filter>PhysX\Include</Filter>
    </ClInclude>
    <ClInclude Include="Include\PxSceneDesc.h">
      <Filter>PhysX\Include</Filter>
    </ClInclude>
    <ClInclude Include="Include\PxSceneLock.h">
      <Filter>PhysX\Include</Filter>
    </ClInclude>
    <ClInclude Include="Include\PxShape.h">
      <Filter>PhysX\Include</Filter>
    </ClInclude>
    <ClInclude Include="Include\PxSimulationEventCallback.h">
      <Filter>PhysX\Include</Filter>
    </ClInclude>
    <ClInclude Include="Include\PxSimulationStatistics.h">
      <Filter>PhysX\Include</Filter>
    </ClInclude>
    <ClInclude Include="Include\PxSpatialIndex.h">
      <Filter>PhysX\Include</Filter>
    </ClInclude>
    <ClInclude Include="Include\PxVisualizationParameter.h">
      <Filter>PhysX\Include</Filter>
    </ClInclude>
    <ClInclude Include="Include\PxVolumeCache.h">
      <Filter>PhysX\Include</Filter>
    </ClInclude>
    <ClInclude Include="Include\GeomUtils\GuContactBuffer.h">
      <Filter>PhysX\Include</Filter>
    </ClInclude>
    <ClInclude Include="Include\GeomUtils\GuContactPoint.h">
      <Filter>PhysX\Include</Filter>
    </ClInclude>
    <ClInclude Include="Include\common\PxBase.h">
      <Filter>PhysX\Include</Filter>
    </ClInclude>
    <ClInclude Include="Include\extensions\PxBinaryConverter.h">
      <Filter>PhysX\Include</Filter>
    </ClInclude>
    <ClInclude Include="Include\characterkinematic\PxBoxController.h">
      <Filter>PhysX\Include</Filter>
    </ClInclude>
    <ClInclude Include="Include\geometry\PxBoxGeometry.h">
      <Filter>PhysX\Include</Filter>
    </ClInclude>
    <ClInclude Include="Include\extensions\PxBroadPhaseExt.h">
      <Filter>PhysX\Include</Filter>
    </ClInclude>
    <ClInclude Include="Include\cooking\PxBVH33MidphaseDesc.h">
      <Filter>PhysX\Include</Filter>
    </ClInclude>
    <ClInclude Include="Include\cooking\PxBVH34MidphaseDesc.h">
      <Filter>PhysX\Include</Filter>
    </ClInclude>
    <ClInclude Include="Include\cooking\Pxc.h">
      <Filter>PhysX\Include</Filter>
    </ClInclude>
    <ClInclude Include="Include\characterkinematic\PxCapsuleController.h">
      <Filter>PhysX\Include</Filter>
    </ClInclude>
    <ClInclude Include="Include\geometry\PxCapsuleGeometry.h">
      <Filter>PhysX\Include</Filter>
    </ClInclude>
    <ClInclude Include="Include\characterkinematic\PxCharacter.h">
      <Filter>PhysX\Include</Filter>
    </ClInclude>
    <ClInclude Include="Include\cloth\PxCloth.h">
      <Filter>PhysX\Include</Filter>
    </ClInclude>
    <ClInclude Include="Include\cloth\PxClothCollisionData.h">
      <Filter>PhysX\Include</Filter>
    </ClInclude>
    <ClInclude Include="Include\cloth\PxClothFabric.h">
      <Filter>PhysX\Include</Filter>
    </ClInclude>
    <ClInclude Include="Include\extensions\PxClothFabricCooker.h">
      <Filter>PhysX\Include</Filter>
    </ClInclude>
    <ClInclude Include="Include\extensions\PxClothMeshDesc.h">
      <Filter>PhysX\Include</Filter>
    </ClInclude>
    <ClInclude Include="Include\extensions\PxClothMeshQuadifier.h">
      <Filter>PhysX\Include</Filter>
    </ClInclude>
    <ClInclude Include="Include\cloth\PxClothParticleData.h">
      <Filter>PhysX\Include</Filter>
    </ClInclude>
    <ClInclude Include="Include\extensions\PxClothTetherCooker.h">
      <Filter>PhysX\Include</Filter>
    </ClInclude>
    <ClInclude Include="Include\cloth\PxClothTypes.h">
      <Filter>PhysX\Include</Filter>
    </ClInclude>
    <ClInclude Include="Include\common\PxCollection.h">
      <Filter>PhysX\Include</Filter>
    </ClInclude>
    <ClInclude Include="Include\extensions\PxCollectionExt.h">
      <Filter>PhysX\Include</Filter>
    </ClInclude>
    <ClInclude Include="Include\collision\PxCollisionDefs.h">
      <Filter>PhysX\Include</Filter>
    </ClInclude>
    <ClInclude Include="Include\extensions\PxConstraintExt.h">
      <Filter>PhysX\Include</Filter>
    </ClInclude>
    <ClInclude Include="Include\characterkinematic\PxController.h">
      <Filter>PhysX\Include</Filter>
    </ClInclude>
    <ClInclude Include="Include\characterkinematic\PxControllerBehavior.h">
      <Filter>PhysX\Include</Filter>
    </ClInclude>
    <ClInclude Include="Include\characterkinematic\PxControllerManager.h">
      <Filter>PhysX\Include</Filter>
    </ClInclude>
    <ClInclude Include="Include\characterkinematic\PxControllerObstacles.h">
      <Filter>PhysX\Include</Filter>
    </ClInclude>
    <ClInclude Include="Include\geometry\PxConvexMesh.h">
      <Filter>PhysX\Include</Filter>
    </ClInclude>
    <ClInclude Include="Include\cooking\PxConvexMeshDesc.h">
      <Filter>PhysX\Include</Filter>
    </ClInclude>
    <ClInclude Include="Include\extensions\PxConvexMeshExt.h">
      <Filter>PhysX\Include</Filter>
    </ClInclude>
    <ClInclude Include="Include\geometry\PxConvexMeshGeometry.h">
      <Filter>PhysX\Include</Filter>
    </ClInclude>
    <ClInclude Include="Include\cooking\PxCooking.h">
      <Filter>PhysX\Include</Filter>
    </ClInclude>
    <ClInclude Include="Include\common\PxCoreUtilityTypes.h">
      <Filter>PhysX\Include</Filter>
    </ClInclude>
    <ClInclude Include="Include\extensions\PxD6Joint.h">
      <Filter>PhysX\Include</Filter>
    </ClInclude>
    <ClInclude Include="Include\extensions\PxDefaultAllocator.h">
      <Filter>PhysX\Include</Filter>
    </ClInclude>
    <ClInclude Include="Include\extensions\PxDefaultCpuDispatcher.h">
      <Filter>PhysX\Include</Filter>
    </ClInclude>
    <ClInclude Include="Include\extensions\PxDefaultErrorCallback.h">
      <Filter>PhysX\Include</Filter>
    </ClInclude>
    <ClInclude Include="Include\extensions\PxDefaultSimulationFilterShader.h">
      <Filter>PhysX\Include</Filter>
    </ClInclude>
    <ClInclude Include="Include\extensions\PxDefaultStreams.h">
      <Filter>PhysX\Include</Filter>
    </ClInclude>
    <ClInclude Include="Include\extensions\PxDistanceJoint.h">
      <Filter>PhysX\Include</Filter>
    </ClInclude>
    <ClInclude Include="Include\characterkinematic\PxExtended.h">
      <Filter>PhysX\Include</Filter>
    </ClInclude>
    <ClInclude Include="Include\extensions\PxExtensionsAPI.h">
      <Filter>PhysX\Include</Filter>
    </ClInclude>
    <ClInclude Include="Include\extensions\PxFixedJoint.h">
      <Filter>PhysX\Include</Filter>
    </ClInclude>
    <ClInclude Include="Include\geometry\PxGeometry.h">
      <Filter>PhysX\Include</Filter>
    </ClInclude>
    <ClInclude Include="Include\geometry\PxGeometryHelpers.h">
      <Filter>PhysX\Include</Filter>
    </ClInclude>
    <ClInclude Include="Include\geometry\PxGeometryQuery.h">
      <Filter>PhysX\Include</Filter>
    </ClInclude>
    <ClInclude Include="Include\gpu\PxGpu.h">
      <Filter>PhysX\Include</Filter>
    </ClInclude>
    <ClInclude Include="Include\geometry\PxHeightField.h">
      <Filter>PhysX\Include</Filter>
    </ClInclude>
    <ClInclude Include="Include\geometry\PxHeightFieldDesc.h">
      <Filter>PhysX\Include</Filter>
    </ClInclude>
    <ClInclude Include="Include\geometry\PxHeightFieldFlag.h">
      <Filter>PhysX\Include</Filter>
    </ClInclude>
    <ClInclude Include="Include\geometry\PxHeightFieldGeometry.h">
      <Filter>PhysX\Include</Filter>
    </ClInclude>
    <ClInclude Include="Include\geometry\PxHeightFieldSample.h">
      <Filter>PhysX\Include</Filter>
    </ClInclude>
    <ClInclude Include="Include\extensions\PxJoint.h">
      <Filter>PhysX\Include</Filter>
    </ClInclude>
    <ClInclude Include="Include\extensions\PxJointLimit.h">
      <Filter>PhysX\Include</Filter>
    </ClInclude>
    <ClInclude Include="Include\extensions\PxJointRepXSerializer.h">
      <Filter>PhysX\Include</Filter>
    </ClInclude>
    <ClInclude Include="Include\extensions\PxMassProperties.h">
      <Filter>PhysX\Include</Filter>
    </ClInclude>
    <ClInclude Include="Include\geometry\PxMeshQuery.h">
      <Filter>PhysX\Include</Filter>
    </ClInclude>
    <ClInclude Include="Include\geometry\PxMeshScale.h">
      <Filter>PhysX\Include</Filter>
    </ClInclude>
    <ClInclude Include="Include\common\PxMetaData.h">
      <Filter>PhysX\Include</Filter>
    </ClInclude>
    <ClInclude Include="Include\common\PxMetaDataFlags.h">
      <Filter>PhysX\Include</Filter>
    </ClInclude>
    <ClInclude Include="Include\cooking\PxMidphaseDesc.h">
      <Filter>PhysX\Include</Filter>
    </ClInclude>
    <ClInclude Include="Include\particles\PxParticleBase.h">
      <Filter>PhysX\Include</Filter>
    </ClInclude>
    <ClInclude Include="Include\particles\PxParticleBaseFlag.h">
      <Filter>PhysX\Include</Filter>
    </ClInclude>
    <ClInclude Include="Include\particles\PxParticleCreationData.h">
      <Filter>PhysX\Include</Filter>
    </ClInclude>
    <ClInclude Include="Include\extensions\PxParticleExt.h">
      <Filter>PhysX\Include</Filter>
    </ClInclude>
    <ClInclude Include="Include\particles\PxParticleFlag.h">
      <Filter>PhysX\Include</Filter>
    </ClInclude>
    <ClInclude Include="Include\particles\PxParticleFluid.h">
      <Filter>PhysX\Include</Filter>
    </ClInclude>
    <ClInclude Include="Include\particles\PxParticleFluidReadData.h">
      <Filter>PhysX\Include</Filter>
    </ClInclude>
    <ClInclude Include="Include\gpu\PxParticleGpu.h">
      <Filter>PhysX\Include</Filter>
    </ClInclude>
    <ClInclude Include="Include\particles\PxParticleReadData.h">
      <Filter>PhysX\Include</Filter>
    </ClInclude>
    <ClInclude Include="Include\particles\PxParticleSystem.h">
      <Filter>PhysX\Include</Filter>
    </ClInclude>
    <ClInclude Include="Include\common\PxPhysicsInsertionCallback.h">
      <Filter>PhysX\Include</Filter>
    </ClInclude>
    <ClInclude Include="Include\common\PxPhysXCommonConfig.h">
      <Filter>PhysX\Include</Filter>
    </ClInclude>
    <ClInclude Include="Include\geometry\PxPlaneGeometry.h">
      <Filter>PhysX\Include</Filter>
    </ClInclude>
    <ClInclude Include="Include\extensions\PxPrismaticJoint.h">
      <Filter>PhysX\Include</Filter>
    </ClInclude>
    <ClInclude Include="Include\pvd\PxPvdSceneClient.h">
      <Filter>PhysX\Include</Filter>
    </ClInclude>
    <ClInclude Include="Include\extensions\PxRaycastCCD.h">
      <Filter>PhysX\Include</Filter>
    </ClInclude>
    <ClInclude Include="Include\common\PxRenderBuffer.h">
      <Filter>PhysX\Include</Filter>
    </ClInclude>
    <ClInclude Include="Include\extensions\PxRepXSerializer.h">
      <Filter>PhysX\Include</Filter>
    </ClInclude>
    <ClInclude Include="Include\extensions\PxRepXSimpleType.h">
      <Filter>PhysX\Include</Filter>
    </ClInclude>
    <ClInclude Include="Include\extensions\PxRevoluteJoint.h">
      <Filter>PhysX\Include</Filter>
    </ClInclude>
    <ClInclude Include="Include\extensions\PxRigidActorExt.h">
      <Filter>PhysX\Include</Filter>
    </ClInclude>
    <ClInclude Include="Include\extensions\PxRigidBodyExt.h">
      <Filter>PhysX\Include</Filter>
    </ClInclude>
    <ClInclude Include="Include\extensions\PxSceneQueryExt.h">
      <Filter>PhysX\Include</Filter>
    </ClInclude>
    <ClInclude Include="Include\common\PxSerialFramework.h">
      <Filter>PhysX\Include</Filter>
    </ClInclude>
    <ClInclude Include="Include\extensions\PxSerialization.h">
      <Filter>PhysX\Include</Filter>
    </ClInclude>
    <ClInclude Include="Include\common\PxSerializer.h">
      <Filter>PhysX\Include</Filter>
    </ClInclude>
    <ClInclude Include="Include\extensions\PxShapeExt.h">
      <Filter>PhysX\Include</Filter>
    </ClInclude>
    <ClInclude Include="Include\extensions\PxSimpleFactory.h">
      <Filter>PhysX\Include</Filter>
    </ClInclude>
    <ClInclude Include="Include\geometry\PxSimpleTriangleMesh.h">
      <Filter>PhysX\Include</Filter>
    </ClInclude>
    <ClInclude Include="Include\extensions\PxSmoothNormals.h">
      <Filter>PhysX\Include</Filter>
    </ClInclude>
    <ClInclude Include="Include\solver\PxSolverDefs.h">
      <Filter>PhysX\Include</Filter>
    </ClInclude>
    <ClInclude Include="Include\geometry\PxSphereGeometry.h">
      <Filter>PhysX\Include</Filter>
    </ClInclude>
    <ClInclude Include="Include\extensions\PxSphericalJoint.h">
      <Filter>PhysX\Include</Filter>
    </ClInclude>
    <ClInclude Include="Include\common\PxStringTable.h">
      <Filter>PhysX\Include</Filter>
    </ClInclude>
    <ClInclude Include="Include\extensions\PxStringTableExt.h">
      <Filter>PhysX\Include</Filter>
    </ClInclude>
    <ClInclude Include="Include\common\PxTolerancesScale.h">
      <Filter>PhysX\Include</Filter>
    </ClInclude>
    <ClInclude Include="Include\geometry\PxTriangle.h">
      <Filter>PhysX\Include</Filter>
    </ClInclude>
    <ClInclude Include="Include\geometry\PxTriangleMesh.h">
      <Filter>PhysX\Include</Filter>
    </ClInclude>
    <ClInclude Include="Include\cooking\PxTriangleMeshDesc.h">
      <Filter>PhysX\Include</Filter>
    </ClInclude>
    <ClInclude Include="Include\extensions\PxTriangleMeshExt.h">
      <Filter>PhysX\Include</Filter>
    </ClInclude>
    <ClInclude Include="Include\geometry\PxTriangleMeshGeometry.h">
      <Filter>PhysX\Include</Filter>
    </ClInclude>
    <ClInclude Include="Include\common\PxTypeInfo.h">
      <Filter>PhysX\Include</Filter>
    </ClInclude>
    <ClInclude Include="Include\vehicle\PxVehicleComponents.h">
      <Filter>PhysX\Include</Filter>
    </ClInclude>
    <ClInclude Include="Include\vehicle\PxVehicleDrive.h">
      <Filter>PhysX\Include</Filter>
    </ClInclude>
    <ClInclude Include="Include\vehicle\PxVehicleDrive4W.h">
      <Filter>PhysX\Include</Filter>
    </ClInclude>
    <ClInclude Include="Include\vehicle\PxVehicleDriveNW.h">
      <Filter>PhysX\Include</Filter>
    </ClInclude>
    <ClInclude Include="Include\vehicle\PxVehicleDriveTank.h">
      <Filter>PhysX\Include</Filter>
    </ClInclude>
    <ClInclude Include="Include\vehicle\PxVehicleNoDrive.h">
      <Filter>PhysX\Include</Filter>
    </ClInclude>
    <ClInclude Include="Include\vehicle\PxVehicleSDK.h">
      <Filter>PhysX\Include</Filter>
    </ClInclude>
    <ClInclude Include="Include\vehicle\PxVehicleShaders.h">
      <Filter>PhysX\Include</Filter>
    </ClInclude>
    <ClInclude Include="Include\vehicle\PxVehicleTireFriction.h">
      <Filter>PhysX\Include</Filter>
    </ClInclude>
    <ClInclude Include="Include\vehicle\PxVehicleUpdate.h">
      <Filter>PhysX\Include</Filter>
    </ClInclude>
    <ClInclude Include="Include\vehicle\PxVehicleUtil.h">
      <Filter>PhysX\Include</Filter>
    </ClInclude>
    <ClInclude Include="Include\vehicle\PxVehicleUtilControl.h">
      <Filter>PhysX\Include</Filter>
    </ClInclude>
    <ClInclude Include="Include\vehicle\PxVehicleUtilSetup.h">
      <Filter>PhysX\Include</Filter>
    </ClInclude>
    <ClInclude Include="Include\vehicle\PxVehicleUtilTelemetry.h">
      <Filter>PhysX\Include</Filter>
    </ClInclude>
    <ClInclude Include="Include\vehicle\PxVehicleWheels.h">
      <Filter>PhysX\Include</Filter>
    </ClInclude>
    <ClInclude Include="Include\common\windows\PxWindowsDelayLoadHook.h">
      <Filter>PhysX\Include</Filter>
    </ClInclude>
    <ClInclude Include="PhysXAllocator.h">
      <Filter>PhysX\Memory</Filter>
    </ClInclude>
    <ClInclude Include="PhysXManager.h">
      <Filter>PhysX</Filter>
    </ClInclude>
    <ClInclude Include="PhysXErrorHander.h">
      <Filter>PhysX\Error</Filter>
    </ClInclude>
    <ClInclude Include="SmartPhysicsPointer.h">
      <Filter>SmartPointer\Base</Filter>
    </ClInclude>
    <ClInclude Include="SharedPhysicsPointer.h">
      <Filter>SmartPointer\Shared</Filter>
    </ClInclude>
    <ClInclude Include="Include\apex_1.4\basicfs\AttractorFSActor.h">
      <Filter>Apex\Include\basicfs</Filter>
    </ClInclude>
    <ClInclude Include="Include\apex_1.4\basicfs\AttractorFSPreview.h">
      <Filter>Apex\Include\basicfs</Filter>
    </ClInclude>
    <ClInclude Include="Include\apex_1.4\basicfs\BasicFSAsset.h">
      <Filter>Apex\Include\basicfs</Filter>
    </ClInclude>
    <ClInclude Include="Include\apex_1.4\basicfs\JetFSActor.h">
      <Filter>Apex\Include\basicfs</Filter>
    </ClInclude>
    <ClInclude Include="Include\apex_1.4\basicfs\JetFSPreview.h">
      <Filter>Apex\Include\basicfs</Filter>
    </ClInclude>
    <ClInclude Include="Include\apex_1.4\basicfs\ModuleBasicFS.h">
      <Filter>Apex\Include\basicfs</Filter>
    </ClInclude>
    <ClInclude Include="Include\apex_1.4\basicfs\NoiseFSActor.h">
      <Filter>Apex\Include\basicfs</Filter>
    </ClInclude>
    <ClInclude Include="Include\apex_1.4\basicfs\NoiseFSPreview.h">
      <Filter>Apex\Include\basicfs</Filter>
    </ClInclude>
    <ClInclude Include="Include\apex_1.4\basicfs\VortexFSActor.h">
      <Filter>Apex\Include\basicfs</Filter>
    </ClInclude>
    <ClInclude Include="Include\apex_1.4\basicfs\VortexFSPreview.h">
      <Filter>Apex\Include\basicfs</Filter>
    </ClInclude>
    <ClInclude Include="Include\apex_1.4\basicfs\WindFSActor.h">
      <Filter>Apex\Include\basicfs</Filter>
    </ClInclude>
    <ClInclude Include="Include\apex_1.4\basicfs\WindFSPreview.h">
      <Filter>Apex\Include\basicfs</Filter>
    </ClInclude>
    <ClInclude Include="Include\apex_1.4\basicios\BasicIosActor.h">
      <Filter>Apex\Include\basicios</Filter>
    </ClInclude>
    <ClInclude Include="Include\apex_1.4\basicios\BasicIosAsset.h">
      <Filter>Apex\Include\basicios</Filter>
    </ClInclude>
    <ClInclude Include="Include\apex_1.4\basicios\ModuleBasicIos.h">
      <Filter>Apex\Include\basicios</Filter>
    </ClInclude>
    <ClInclude Include="Include\apex_1.4\clothing\ClothingActor.h">
      <Filter>Apex\Include\clothing</Filter>
    </ClInclude>
    <ClInclude Include="Include\apex_1.4\clothing\ClothingAsset.h">
      <Filter>Apex\Include\clothing</Filter>
    </ClInclude>
    <ClInclude Include="Include\apex_1.4\clothing\ClothingAssetAuthoring.h">
      <Filter>Apex\Include\clothing</Filter>
    </ClInclude>
    <ClInclude Include="Include\apex_1.4\clothing\ClothingCollision.h">
      <Filter>Apex\Include\clothing</Filter>
    </ClInclude>
    <ClInclude Include="Include\apex_1.4\clothing\ClothingPhysicalMesh.h">
      <Filter>Apex\Include\clothing</Filter>
    </ClInclude>
    <ClInclude Include="Include\apex_1.4\clothing\ClothingPreview.h">
      <Filter>Apex\Include\clothing</Filter>
    </ClInclude>
    <ClInclude Include="Include\apex_1.4\clothing\ClothingRenderProxy.h">
      <Filter>Apex\Include\clothing</Filter>
    </ClInclude>
    <ClInclude Include="Include\apex_1.4\clothing\ClothingVelocityCallback.h">
      <Filter>Apex\Include\clothing</Filter>
    </ClInclude>
    <ClInclude Include="Include\apex_1.4\clothing\ModuleClothing.h">
      <Filter>Apex\Include\clothing</Filter>
    </ClInclude>
    <ClInclude Include="Include\apex_1.4\destructible\DestructibleActor.h">
      <Filter>Apex\Include\destructible</Filter>
    </ClInclude>
    <ClInclude Include="Include\apex_1.4\destructible\DestructibleActorJoint.h">
      <Filter>Apex\Include\destructible</Filter>
    </ClInclude>
    <ClInclude Include="Include\apex_1.4\destructible\DestructibleAsset.h">
      <Filter>Apex\Include\destructible</Filter>
    </ClInclude>
    <ClInclude Include="Include\apex_1.4\destructible\DestructiblePreview.h">
      <Filter>Apex\Include\destructible</Filter>
    </ClInclude>
    <ClInclude Include="Include\apex_1.4\destructible\DestructibleRenderable.h">
      <Filter>Apex\Include\destructible</Filter>
    </ClInclude>
    <ClInclude Include="Include\apex_1.4\destructible\ExplicitHierarchicalMesh.h">
      <Filter>Apex\Include\destructible</Filter>
    </ClInclude>
    <ClInclude Include="Include\apex_1.4\destructible\FractureToolsAPI.h">
      <Filter>Apex\Include\destructible</Filter>
    </ClInclude>
    <ClInclude Include="Include\apex_1.4\destructible\FractureToolsStructs.h">
      <Filter>Apex\Include\destructible</Filter>
    </ClInclude>
    <ClInclude Include="Include\apex_1.4\destructible\ModuleDestructible.h">
      <Filter>Apex\Include\destructible</Filter>
    </ClInclude>
    <ClInclude Include="Include\apex_1.4\emitter\EmitterActor.h">
      <Filter>Apex\Include\emitter</Filter>
    </ClInclude>
    <ClInclude Include="Include\apex_1.4\emitter\EmitterAsset.h">
      <Filter>Apex\Include\emitter</Filter>
    </ClInclude>
    <ClInclude Include="Include\apex_1.4\emitter\EmitterGeoms.h">
      <Filter>Apex\Include\emitter</Filter>
    </ClInclude>
    <ClInclude Include="Include\apex_1.4\emitter\EmitterLodParamDesc.h">
      <Filter>Apex\Include\emitter</Filter>
    </ClInclude>
    <ClInclude Include="Include\apex_1.4\emitter\EmitterPreview.h">
      <Filter>Apex\Include\emitter</Filter>
    </ClInclude>
    <ClInclude Include="Include\apex_1.4\emitter\GroundEmitterActor.h">
      <Filter>Apex\Include\emitter</Filter>
    </ClInclude>
    <ClInclude Include="Include\apex_1.4\emitter\GroundEmitterAsset.h">
      <Filter>Apex\Include\emitter</Filter>
    </ClInclude>
    <ClInclude Include="Include\apex_1.4\emitter\GroundEmitterPreview.h">
      <Filter>Apex\Include\emitter</Filter>
    </ClInclude>
    <ClInclude Include="Include\apex_1.4\emitter\ImpactEmitterActor.h">
      <Filter>Apex\Include\emitter</Filter>
    </ClInclude>
    <ClInclude Include="Include\apex_1.4\emitter\ImpactEmitterAsset.h">
      <Filter>Apex\Include\emitter</Filter>
    </ClInclude>
    <ClInclude Include="Include\apex_1.4\emitter\ImpactEmitterPreview.h">
      <Filter>Apex\Include\emitter</Filter>
    </ClInclude>
    <ClInclude Include="Include\apex_1.4\emitter\ModuleEmitter.h">
      <Filter>Apex\Include\emitter</Filter>
    </ClInclude>
    <ClInclude Include="Include\apex_1.4\fieldsampler\ModuleFieldSampler.h">
      <Filter>Apex\Include\fieldsampler</Filter>
    </ClInclude>
    <ClInclude Include="Include\apex_1.4\forcefield\ForceFieldActor.h">
      <Filter>Apex\Include\forcefield</Filter>
    </ClInclude>
    <ClInclude Include="Include\apex_1.4\forcefield\ForceFieldAsset.h">
      <Filter>Apex\Include\forcefield</Filter>
    </ClInclude>
    <ClInclude Include="Include\apex_1.4\forcefield\ForceFieldPreview.h">
      <Filter>Apex\Include\forcefield</Filter>
    </ClInclude>
    <ClInclude Include="Include\apex_1.4\forcefield\ModuleForceField.h">
      <Filter>Apex\Include\forcefield</Filter>
    </ClInclude>
    <ClInclude Include="Include\apex_1.4\iofx\IofxActor.h">
      <Filter>Apex\Include\iofx</Filter>
    </ClInclude>
    <ClInclude Include="Include\apex_1.4\iofx\IofxAsset.h">
      <Filter>Apex\Include\iofx</Filter>
    </ClInclude>
    <ClInclude Include="Include\apex_1.4\iofx\IofxRenderable.h">
      <Filter>Apex\Include\iofx</Filter>
    </ClInclude>
    <ClInclude Include="Include\apex_1.4\iofx\IofxRenderCallback.h">
      <Filter>Apex\Include\iofx</Filter>
    </ClInclude>
    <ClInclude Include="Include\apex_1.4\iofx\Modifier.h">
      <Filter>Apex\Include\iofx</Filter>
    </ClInclude>
    <ClInclude Include="Include\apex_1.4\iofx\ModifierDefs.h">
      <Filter>Apex\Include\iofx</Filter>
    </ClInclude>
    <ClInclude Include="Include\apex_1.4\iofx\ModuleIofx.h">
      <Filter>Apex\Include\iofx</Filter>
    </ClInclude>
    <ClInclude Include="Include\apex_1.4\iofx\RenderVolume.h">
      <Filter>Apex\Include\iofx</Filter>
    </ClInclude>
    <ClInclude Include="Include\apex_1.4\legacy\ModuleIofxLegacy.h">
      <Filter>Apex\Include\legacy</Filter>
    </ClInclude>
    <ClInclude Include="Include\apex_1.4\legacy\ModuleLegacy.h">
      <Filter>Apex\Include\legacy</Filter>
    </ClInclude>
    <ClInclude Include="Include\apex_1.4\loader\ModuleLoader.h">
      <Filter>Apex\Include\loader</Filter>
    </ClInclude>
    <ClInclude Include="Include\apex_1.4\nvparameterized\NvParameterized.h">
      <Filter>Apex\Include\nvparameterized</Filter>
    </ClInclude>
    <ClInclude Include="Include\apex_1.4\nvparameterized\NvParameterized_types.h">
      <Filter>Apex\Include\nvparameterized</Filter>
    </ClInclude>
    <ClInclude Include="Include\apex_1.4\nvparameterized\NvParameterizedMacroses.h">
      <Filter>Apex\Include\nvparameterized</Filter>
    </ClInclude>
    <ClInclude Include="Include\apex_1.4\nvparameterized\NvParameterizedTraits.h">
      <Filter>Apex\Include\nvparameterized</Filter>
    </ClInclude>
    <ClInclude Include="Include\apex_1.4\nvparameterized\NvParamUtils.h">
      <Filter>Apex\Include\nvparameterized</Filter>
    </ClInclude>
    <ClInclude Include="Include\apex_1.4\nvparameterized\NvSerializer.h">
      <Filter>Apex\Include\nvparameterized</Filter>
    </ClInclude>
    <ClInclude Include="Include\apex_1.4\particles\EffectPackageActor.h">
      <Filter>Apex\Include\particles</Filter>
    </ClInclude>
    <ClInclude Include="Include\apex_1.4\particles\EffectPackageAsset.h">
      <Filter>Apex\Include\particles</Filter>
    </ClInclude>
    <ClInclude Include="Include\apex_1.4\particles\ModuleParticles.h">
      <Filter>Apex\Include\particles</Filter>
    </ClInclude>
    <ClInclude Include="Include\apex_1.4\particles\ParticlesPreview.h">
      <Filter>Apex\Include\particles</Filter>
    </ClInclude>
    <ClInclude Include="Include\apex_1.4\PhysX0\PhysXSDKVersion.h">
      <Filter>Apex\Include\PhysX0</Filter>
    </ClInclude>
    <ClInclude Include="Include\apex_1.4\PhysX3\PhysXSDKVersion.h">
      <Filter>Apex\Include\PhysX3</Filter>
    </ClInclude>
    <ClInclude Include="Include\apex_1.4\pxparticleios\ModuleParticleIos.h">
      <Filter>Apex\Include\pxparticleios</Filter>
    </ClInclude>
    <ClInclude Include="Include\apex_1.4\pxparticleios\ParticleIosActor.h">
      <Filter>Apex\Include\pxparticleios</Filter>
    </ClInclude>
    <ClInclude Include="Include\apex_1.4\pxparticleios\ParticleIosAsset.h">
      <Filter>Apex\Include\pxparticleios</Filter>
    </ClInclude>
    <ClInclude Include="Include\apex_1.4\turbulencefs\FlameEmitterActor.h">
      <Filter>Apex\Include\turbulencefs</Filter>
    </ClInclude>
    <ClInclude Include="Include\apex_1.4\turbulencefs\FlameEmitterAsset.h">
      <Filter>Apex\Include\turbulencefs</Filter>
    </ClInclude>
    <ClInclude Include="Include\apex_1.4\turbulencefs\FlameEmitterPreview.h">
      <Filter>Apex\Include\turbulencefs</Filter>
    </ClInclude>
    <ClInclude Include="Include\apex_1.4\turbulencefs\HeatSourceActor.h">
      <Filter>Apex\Include\turbulencefs</Filter>
    </ClInclude>
    <ClInclude Include="Include\apex_1.4\turbulencefs\HeatSourceAsset.h">
      <Filter>Apex\Include\turbulencefs</Filter>
    </ClInclude>
    <ClInclude Include="Include\apex_1.4\turbulencefs\HeatSourcePreview.h">
      <Filter>Apex\Include\turbulencefs</Filter>
    </ClInclude>
    <ClInclude Include="Include\apex_1.4\turbulencefs\ModuleTurbulenceFS.h">
      <Filter>Apex\Include\turbulencefs</Filter>
    </ClInclude>
    <ClInclude Include="Include\apex_1.4\turbulencefs\SubstanceSourceActor.h">
      <Filter>Apex\Include\turbulencefs</Filter>
    </ClInclude>
    <ClInclude Include="Include\apex_1.4\turbulencefs\SubstanceSourceAsset.h">
      <Filter>Apex\Include\turbulencefs</Filter>
    </ClInclude>
    <ClInclude Include="Include\apex_1.4\turbulencefs\TurbulenceFSActor.h">
      <Filter>Apex\Include\turbulencefs</Filter>
    </ClInclude>
    <ClInclude Include="Include\apex_1.4\turbulencefs\TurbulenceFSAsset.h">
      <Filter>Apex\Include\turbulencefs</Filter>
    </ClInclude>
    <ClInclude Include="Include\apex_1.4\turbulencefs\TurbulenceFSPreview.h">
      <Filter>Apex\Include\turbulencefs</Filter>
    </ClInclude>
    <ClInclude Include="Include\apex_1.4\turbulencefs\TurbulenceRenderable.h">
      <Filter>Apex\Include\turbulencefs</Filter>
    </ClInclude>
    <ClInclude Include="Include\apex_1.4\turbulencefs\TurbulenceRenderCallback.h">
      <Filter>Apex\Include\turbulencefs</Filter>
    </ClInclude>
    <ClInclude Include="Include\apex_1.4\turbulencefs\VelocitySourceActor.h">
      <Filter>Apex\Include\turbulencefs</Filter>
    </ClInclude>
    <ClInclude Include="Include\apex_1.4\turbulencefs\VelocitySourceAsset.h">
      <Filter>Apex\Include\turbulencefs</Filter>
    </ClInclude>
    <ClInclude Include="Include\apex_1.4\turbulencefs\VelocitySourcePreview.h">
      <Filter>Apex\Include\turbulencefs</Filter>
    </ClInclude>
    <ClInclude Include="Include\apex_1.4\Actor.h">
      <Filter>Apex\Include</Filter>
    </ClInclude>
    <ClInclude Include="Include\apex_1.4\Apex.h">
      <Filter>Apex\Include</Filter>
    </ClInclude>
    <ClInclude Include="Include\apex_1.4\ApexCudaContextManager.h">
      <Filter>Apex\Include</Filter>
    </ClInclude>
    <ClInclude Include="Include\apex_1.4\ApexDefs.h">
      <Filter>Apex\Include</Filter>
    </ClInclude>
    <ClInclude Include="Include\apex_1.4\ApexDesc.h">
      <Filter>Apex\Include</Filter>
    </ClInclude>
    <ClInclude Include="Include\apex_1.4\ApexInterface.h">
      <Filter>Apex\Include</Filter>
    </ClInclude>
    <ClInclude Include="Include\apex_1.4\ApexNameSpace.h">
      <Filter>Apex\Include</Filter>
    </ClInclude>
    <ClInclude Include="Include\apex_1.4\ApexSDK.h">
      <Filter>Apex\Include</Filter>
    </ClInclude>
    <ClInclude Include="Include\apex_1.4\ApexSDKCachedData.h">
      <Filter>Apex\Include</Filter>
    </ClInclude>
    <ClInclude Include="Include\apex_1.4\ApexSDKVersionString.h">
      <Filter>Apex\Include</Filter>
    </ClInclude>
    <ClInclude Include="Include\apex_1.4\ApexUsingNamespace.h">
      <Filter>Apex\Include</Filter>
    </ClInclude>
    <ClInclude Include="Include\apex_1.4\Asset.h">
      <Filter>Apex\Include</Filter>
    </ClInclude>
    <ClInclude Include="Include\apex_1.4\AssetPreview.h">
      <Filter>Apex\Include</Filter>
    </ClInclude>
    <ClInclude Include="Include\apex_1.4\AssetPreviewScene.h">
      <Filter>Apex\Include</Filter>
    </ClInclude>
    <ClInclude Include="Include\apex_1.4\Context.h">
      <Filter>Apex\Include</Filter>
    </ClInclude>
    <ClInclude Include="Include\apex_1.4\ConvexHullMethod.h">
      <Filter>Apex\Include</Filter>
    </ClInclude>
    <ClInclude Include="Include\apex_1.4\CudaTestManager.h">
      <Filter>Apex\Include</Filter>
    </ClInclude>
    <ClInclude Include="Include\apex_1.4\Curve.h">
      <Filter>Apex\Include</Filter>
    </ClInclude>
    <ClInclude Include="Include\apex_1.4\CustomBufferIterator.h">
      <Filter>Apex\Include</Filter>
    </ClInclude>
    <ClInclude Include="Include\apex_1.4\IosAsset.h">
      <Filter>Apex\Include</Filter>
    </ClInclude>
    <ClInclude Include="Include\apex_1.4\IProgressListener.h">
      <Filter>Apex\Include</Filter>
    </ClInclude>
    <ClInclude Include="Include\apex_1.4\Lock.h">
      <Filter>Apex\Include</Filter>
    </ClInclude>
    <ClInclude Include="Include\apex_1.4\MirrorScene.h">
      <Filter>Apex\Include</Filter>
    </ClInclude>
    <ClInclude Include="Include\apex_1.4\Module.h">
      <Filter>Apex\Include</Filter>
    </ClInclude>
    <ClInclude Include="Include\apex_1.4\PhysXObjectDesc.h">
      <Filter>Apex\Include</Filter>
    </ClInclude>
    <ClInclude Include="Include\apex_1.4\PxStreamFromFileBuf.h">
      <Filter>Apex\Include</Filter>
    </ClInclude>
    <ClInclude Include="Include\apex_1.4\Renderable.h">
      <Filter>Apex\Include</Filter>
    </ClInclude>
    <ClInclude Include="Include\apex_1.4\RenderBufferData.h">
      <Filter>Apex\Include</Filter>
    </ClInclude>
    <ClInclude Include="Include\apex_1.4\RenderContext.h">
      <Filter>Apex\Include</Filter>
    </ClInclude>
    <ClInclude Include="Include\apex_1.4\RenderDataFormat.h">
      <Filter>Apex\Include</Filter>
    </ClInclude>
    <ClInclude Include="Include\apex_1.4\RenderDataProvider.h">
      <Filter>Apex\Include</Filter>
    </ClInclude>
    <ClInclude Include="Include\apex_1.4\RenderDebugInterface.h">
      <Filter>Apex\Include</Filter>
    </ClInclude>
    <ClInclude Include="Include\apex_1.4\RenderMesh.h">
      <Filter>Apex\Include</Filter>
    </ClInclude>
    <ClInclude Include="Include\apex_1.4\RenderMeshActor.h">
      <Filter>Apex\Include</Filter>
    </ClInclude>
    <ClInclude Include="Include\apex_1.4\RenderMeshActorDesc.h">
      <Filter>Apex\Include</Filter>
    </ClInclude>
    <ClInclude Include="Include\apex_1.4\RenderMeshAsset.h">
      <Filter>Apex\Include</Filter>
    </ClInclude>
    <ClInclude Include="Include\apex_1.4\ResourceCallback.h">
      <Filter>Apex\Include</Filter>
    </ClInclude>
    <ClInclude Include="Include\apex_1.4\ResourceProvider.h">
      <Filter>Apex\Include</Filter>
    </ClInclude>
    <ClInclude Include="Include\apex_1.4\RWLockable.h">
      <Filter>Apex\Include</Filter>
    </ClInclude>
    <ClInclude Include="Include\apex_1.4\Scene.h">
      <Filter>Apex\Include</Filter>
    </ClInclude>
    <ClInclude Include="Include\apex_1.4\ScopedPhysXLock.h">
      <Filter>Apex\Include</Filter>
    </ClInclude>
    <ClInclude Include="Include\apex_1.4\Shape.h">
      <Filter>Apex\Include</Filter>
    </ClInclude>
    <ClInclude Include="Include\apex_1.4\TestBase.h">
      <Filter>Apex\Include</Filter>
    </ClInclude>
    <ClInclude Include="Include\apex_1.4\UserOpaqueMesh.h">
      <Filter>Apex\Include</Filter>
    </ClInclude>
    <ClInclude Include="Include\apex_1.4\UserRenderBoneBuffer.h">
      <Filter>Apex\Include</Filter>
    </ClInclude>
    <ClInclude Include="Include\apex_1.4\UserRenderBoneBufferDesc.h">
      <Filter>Apex\Include</Filter>
    </ClInclude>
    <ClInclude Include="Include\apex_1.4\UserRenderCallback.h">
      <Filter>Apex\Include</Filter>
    </ClInclude>
    <ClInclude Include="Include\apex_1.4\UserRenderer.h">
      <Filter>Apex\Include</Filter>
    </ClInclude>
    <ClInclude Include="Include\apex_1.4\UserRenderIndexBuffer.h">
      <Filter>Apex\Include</Filter>
    </ClInclude>
    <ClInclude Include="Include\apex_1.4\UserRenderIndexBufferDesc.h">
      <Filter>Apex\Include</Filter>
    </ClInclude>
    <ClInclude Include="Include\apex_1.4\UserRenderInstanceBuffer.h">
      <Filter>Apex\Include</Filter>
    </ClInclude>
    <ClInclude Include="Include\apex_1.4\UserRenderInstanceBufferDesc.h">
      <Filter>Apex\Include</Filter>
    </ClInclude>
    <ClInclude Include="Include\apex_1.4\UserRenderResource.h">
      <Filter>Apex\Include</Filter>
    </ClInclude>
    <ClInclude Include="Include\apex_1.4\UserRenderResourceDesc.h">
      <Filter>Apex\Include</Filter>
    </ClInclude>
    <ClInclude Include="Include\apex_1.4\UserRenderResourceManager.h">
      <Filter>Apex\Include</Filter>
    </ClInclude>
    <ClInclude Include="Include\apex_1.4\UserRenderSpriteBuffer.h">
      <Filter>Apex\Include</Filter>
    </ClInclude>
    <ClInclude Include="Include\apex_1.4\UserRenderSpriteBufferDesc.h">
      <Filter>Apex\Include</Filter>
    </ClInclude>
    <ClInclude Include="Include\apex_1.4\UserRenderSurfaceBuffer.h">
      <Filter>Apex\Include</Filter>
    </ClInclude>
    <ClInclude Include="Include\apex_1.4\UserRenderSurfaceBufferDesc.h">
      <Filter>Apex\Include</Filter>
    </ClInclude>
    <ClInclude Include="Include\apex_1.4\UserRenderVertexBuffer.h">
      <Filter>Apex\Include</Filter>
    </ClInclude>
    <ClInclude Include="Include\apex_1.4\UserRenderVertexBufferDesc.h">
      <Filter>Apex\Include</Filter>
    </ClInclude>
    <ClInclude Include="Include\apex_1.4\VertexFormat.h">
      <Filter>Apex\Include</Filter>
    </ClInclude>
    <ClInclude Include="Apex.h">
      <Filter>Apex</Filter>
    </ClInclude>
    <ClInclude Include="ApexRenderResourceManager.h">
      <Filter>Apex\RenderResourceManager</Filter>
    </ClInclude>
    <ClInclude Include="ApexResourceCallback.h">
      <Filter>Apex\ResourceCallback</Filter>
    </ClInclude>
  </ItemGroup>
  <ItemGroup>
    <ClCompile Include="stdafx.cpp">
      <Filter>stdafx</Filter>
    </ClCompile>
    <ClCompile Include="PhysXAllocator.cpp">
      <Filter>PhysX\Memory</Filter>
    </ClCompile>
    <ClCompile Include="PhysXManager.cpp">
      <Filter>PhysX</Filter>
    </ClCompile>
    <ClCompile Include="PhysXErrorHander.cpp">
      <Filter>PhysX\Error</Filter>
    </ClCompile>
    <ClCompile Include="Apex.cpp">
      <Filter>Apex</Filter>
    </ClCompile>
    <ClCompile Include="ApexRenderResourceManager.cpp">
      <Filter>Apex\RenderResourceManager</Filter>
    </ClCompile>
    <ClCompile Include="ApexResourceCallback.cpp">
      <Filter>Apex\ResourceCallback</Filter>
    </ClCompile>
  </ItemGroup>
  <ItemGroup>
    <None Include="Include\apex_1.4\nvparameterized\NvParameterized.inl">
      <Filter>Apex\Include\nvparameterized</Filter>
    </None>
    <None Include="Include\apex_1.4\nvparameterized\NvParamUtils.inl">
      <Filter>Apex\Include\nvparameterized</Filter>
    </None>
    <None Include="Include\apex_1.4\nvparameterized\NvSerializer.inl">
      <Filter>Apex\Include\nvparameterized</Filter>
    </None>
  </ItemGroup>
</Project>