
Microsoft Visual Studio Solution File, Format Version 12.00
# Visual Studio 14
VisualStudioVersion = 14.0.25123.0
MinimumVisualStudioVersion = 10.0.40219.1
Project("{8BC9CEB8-8B4A-11D0-8D11-00A0C91BC942}") = "Engine", "BrontosaurusEngine\Brontosaurus.vcxproj", "{C5AC5F58-5B84-4A09-8E0A-0FFBA117FADE}"
	ProjectSection(ProjectDependencies) = postProject
		{B5915C8F-2AEF-4137-BCBE-152F819860CD} = {B5915C8F-2AEF-4137-BCBE-152F819860CD}
	EndProjectSection
EndProject
Project("{8BC9CEB8-8B4A-11D0-8D11-00A0C91BC942}") = "CommonUtilities", "CommonUtilities\CommonUtilities.vcxproj", "{A854F9CA-5390-4CA1-BE0C-EC400F972D27}"
EndProject
Project("{8BC9CEB8-8B4A-11D0-8D11-00A0C91BC942}") = "LuaWrapper", "LuaWrapper\LuaWrapper.vcxproj", "{2A943A8D-481F-42C6-9DF6-F0D3C78E0781}"
EndProject
Project("{8BC9CEB8-8B4A-11D0-8D11-00A0C91BC942}") = "LuaSource", "LuaSource\LuaSource.vcxproj", "{338D88B3-D687-4066-BBE8-4055D464E5AD}"
EndProject
Project("{8BC9CEB8-8B4A-11D0-8D11-00A0C91BC942}") = "Components", "Components\Components.vcxproj", "{ACC2E4BB-BF6D-41F6-8F14-DE1A07F97D69}"
EndProject
Project("{8BC9CEB8-8B4A-11D0-8D11-00A0C91BC942}") = "Collision", "Collision\Collision.vcxproj", "{E5342654-71E1-4CC7-83D8-DAF4F7145CE7}"
EndProject
Project("{8BC9CEB8-8B4A-11D0-8D11-00A0C91BC942}") = "PostMaster", "PostMaster\PostMaster.vcxproj", "{FF997492-8A34-4E1C-B403-48CABD258797}"
EndProject
Project("{8BC9CEB8-8B4A-11D0-8D11-00A0C91BC942}") = "GUI", "GUI\GUI.vcxproj", "{43C29576-475C-49D6-A039-6F4FE38AD1A4}"
EndProject
Project("{8BC9CEB8-8B4A-11D0-8D11-00A0C91BC942}") = "LoadManager", "LoadManager\LoadManager.vcxproj", "{3993F760-8DA4-4813-A704-CE28766FD630}"
EndProject
Project("{8BC9CEB8-8B4A-11D0-8D11-00A0C91BC942}") = "Audio", "Audio\Audio.vcxproj", "{B5915C8F-2AEF-4137-BCBE-152F819860CD}"
EndProject
Project("{8BC9CEB8-8B4A-11D0-8D11-00A0C91BC942}") = "StateStack", "StateStack\StateStack.vcxproj", "{11E472E1-7CE9-4029-B340-8C27B6D2E279}"
EndProject
Project("{8BC9CEB8-8B4A-11D0-8D11-00A0C91BC942}") = "Physics", "Physics\Physics.vcxproj", "{EACE5A51-158E-4E6B-9D38-1A4597E76A67}"
EndProject
Project("{FAE04EC0-301F-11D3-BF4B-00C04F79EFBC}") = "Launcher", "RealLauncher\Launcher.csproj", "{6389ED6F-5FCB-4021-B485-8EE95AC0FCC6}"
EndProject
Project("{8BC9CEB8-8B4A-11D0-8D11-00A0C91BC942}") = "Game", "Game\Game.vcxproj", "{3F2BE606-BD58-47CE-8191-F80BC500AA0C}"
EndProject
Project("{8BC9CEB8-8B4A-11D0-8D11-00A0C91BC942}") = "FontEngine", "FontEngine\FontEngine.vcxproj", "{F9F6B9B2-70ED-419E-B66F-E4214036A7DC}"
EndProject
Project("{8BC9CEB8-8B4A-11D0-8D11-00A0C91BC942}") = "KevinLoader", "KevinLoader\KevinLoader.vcxproj", "{CBC04772-EFF5-45EE-8C89-C09E24C4236C}"
EndProject
Project("{2150E333-8FDC-42A3-9474-1A3956D46DE8}") = "Shaders", "Shaders", "{E8308878-AF21-4BF8-9E80-4D5265BFC105}"
	ProjectSection(SolutionItems) = preProject
		..\Bin\Shaders\debugLines_shader.fx = ..\Bin\Shaders\debugLines_shader.fx
		..\Bin\Shaders\fakefog.fx = ..\Bin\Shaders\fakefog.fx
		..\Bin\Shaders\fire_shader.fx = ..\Bin\Shaders\fire_shader.fx
		..\Bin\Shaders\gui_shader.fx = ..\Bin\Shaders\gui_shader.fx
		..\Bin\Shaders\line_shader.fx = ..\Bin\Shaders\line_shader.fx
		..\Bin\Shaders\line_shader_3d.fx = ..\Bin\Shaders\line_shader_3d.fx
		..\Bin\Shaders\oncePerFrame.fx = ..\Bin\Shaders\oncePerFrame.fx
		..\Bin\Shaders\particle_shader.fx = ..\Bin\Shaders\particle_shader.fx
		..\Bin\Shaders\pixel_shader.fx = ..\Bin\Shaders\pixel_shader.fx
		..\Bin\Shaders\shader_structs.fx = ..\Bin\Shaders\shader_structs.fx
		..\Bin\Shaders\shadow.fx = ..\Bin\Shaders\shadow.fx
		..\Bin\Shaders\skybox_shader.fx = ..\Bin\Shaders\skybox_shader.fx
		..\Bin\Shaders\sprite_shader.fx = ..\Bin\Shaders\sprite_shader.fx
		..\Bin\Shaders\streak_shader.fx = ..\Bin\Shaders\streak_shader.fx
		..\Bin\Shaders\text_shader.fx = ..\Bin\Shaders\text_shader.fx
		..\Bin\Shaders\vertex_shader.fx = ..\Bin\Shaders\vertex_shader.fx
	EndProjectSection
EndProject
Project("{2150E333-8FDC-42A3-9474-1A3956D46DE8}") = "Fullscreen", "Fullscreen", "{1A77405A-3C30-4C71-BB69-48D3AC474F0E}"
	ProjectSection(SolutionItems) = preProject
		..\Bin\Shaders\Fullscreen\add.fx = ..\Bin\Shaders\Fullscreen\add.fx
		..\Bin\Shaders\Fullscreen\average.fx = ..\Bin\Shaders\Fullscreen\average.fx
		..\Bin\Shaders\Fullscreen\bayer4x4dither.fx = ..\Bin\Shaders\Fullscreen\bayer4x4dither.fx
		..\Bin\Shaders\Fullscreen\bloominance.fx = ..\Bin\Shaders\Fullscreen\bloominance.fx
		..\Bin\Shaders\Fullscreen\blur.fx = ..\Bin\Shaders\Fullscreen\blur.fx
		..\Bin\Shaders\Fullscreen\colorGrading.fx = ..\Bin\Shaders\Fullscreen\colorGrading.fx
		..\Bin\Shaders\Fullscreen\copy.fx = ..\Bin\Shaders\Fullscreen\copy.fx
		..\Bin\Shaders\Fullscreen\copyB.fx = ..\Bin\Shaders\Fullscreen\copyB.fx
		..\Bin\Shaders\Fullscreen\copyG.fx = ..\Bin\Shaders\Fullscreen\copyG.fx
		..\Bin\Shaders\Fullscreen\copyR.fx = ..\Bin\Shaders\Fullscreen\copyR.fx
		..\Bin\Shaders\Fullscreen\cubicLensDistortion.fx = ..\Bin\Shaders\Fullscreen\cubicLensDistortion.fx
		..\Bin\Shaders\Fullscreen\gaussianBlurHorizontal.fx = ..\Bin\Shaders\Fullscreen\gaussianBlurHorizontal.fx
		..\Bin\Shaders\Fullscreen\gaussianBlurVertical.fx = ..\Bin\Shaders\Fullscreen\gaussianBlurVertical.fx
		..\Bin\Shaders\Fullscreen\HDR.fx = ..\Bin\Shaders\Fullscreen\HDR.fx
		..\Bin\Shaders\Fullscreen\lightShafts.fx = ..\Bin\Shaders\Fullscreen\lightShafts.fx
		..\Bin\Shaders\Fullscreen\luminance.fx = ..\Bin\Shaders\Fullscreen\luminance.fx
		..\Bin\Shaders\Fullscreen\mergeDepth.fx = ..\Bin\Shaders\Fullscreen\mergeDepth.fx
		..\Bin\Shaders\Fullscreen\motionBlur.fx = ..\Bin\Shaders\Fullscreen\motionBlur.fx
		..\Bin\Shaders\Fullscreen\SSAO.fx = ..\Bin\Shaders\Fullscreen\SSAO.fx
		..\Bin\Shaders\Fullscreen\structs.fx = ..\Bin\Shaders\Fullscreen\structs.fx
		..\Bin\Shaders\Fullscreen\tonemap.fx = ..\Bin\Shaders\Fullscreen\tonemap.fx
		..\Bin\Shaders\Fullscreen\vertex.fx = ..\Bin\Shaders\Fullscreen\vertex.fx
	EndProjectSection
EndProject
Project("{8BC9CEB8-8B4A-11D0-8D11-00A0C91BC942}") = "TClient_Application", "Application\Application.vcxproj", "{6E47AED6-24EF-438B-80F4-70F41F899959}"
EndProject
Project("{8BC9CEB8-8B4A-11D0-8D11-00A0C91BC942}") = "TServer", "TServer\TServer.vcxproj", "{62EA3AFE-A11B-43D0-86A3-1E29AA057693}"
EndProject
Project("{8BC9CEB8-8B4A-11D0-8D11-00A0C91BC942}") = "TClient", "TClient\TClient.vcxproj", "{77ACE5E5-0296-48A8-AF80-02538F7188C5}"
EndProject
Project("{8BC9CEB8-8B4A-11D0-8D11-00A0C91BC942}") = "TShared", "TShared\TShared.vcxproj", "{36F61D67-C746-4D60-9BDD-313641057E23}"
EndProject
Project("{8BC9CEB8-8B4A-11D0-8D11-00A0C91BC942}") = "TServer_Applictaion", "TServer_Applictaion\TServer_Applictaion.vcxproj", "{DA850603-0B3F-4FFC-AB52-FDD5A852EA54}"
EndProject
Project("{8BC9CEB8-8B4A-11D0-8D11-00A0C91BC942}") = "ThreadedPostmaster", "ThreadedPostmaster\ThreadedPostmaster.vcxproj", "{2E206E26-7C71-4D89-9A90-2A3D0C132C9D}"
EndProject
Project("{8BC9CEB8-8B4A-11D0-8D11-00A0C91BC942}") = "Container", "Container\Container.vcxproj", "{45C9B825-ABBD-43CB-A8F7-F44FA5C890A0}"
EndProject
Project("{2150E333-8FDC-42A3-9474-1A3956D46DE8}") = "Deferred", "Deferred", "{B6224D03-7AF6-4A48-8A12-FD98FFD3BB42}"
	ProjectSection(SolutionItems) = preProject
		..\Bin\Shaders\Deferred\deferred_ambient.fx = ..\Bin\Shaders\Deferred\deferred_ambient.fx
		..\Bin\Shaders\Deferred\deferred_directional.fx = ..\Bin\Shaders\Deferred\deferred_directional.fx
		..\Bin\Shaders\Deferred\deferred_emissive.fx = ..\Bin\Shaders\Deferred\deferred_emissive.fx
		..\Bin\Shaders\Deferred\deferred_pixel.fx = ..\Bin\Shaders\Deferred\deferred_pixel.fx
		..\Bin\Shaders\Deferred\deferred_pointLight.fx = ..\Bin\Shaders\Deferred\deferred_pointLight.fx
		..\Bin\Shaders\Deferred\deferred_spotlight.fx = ..\Bin\Shaders\Deferred\deferred_spotlight.fx
		..\Bin\Shaders\Deferred\deferred_vertex.fx = ..\Bin\Shaders\Deferred\deferred_vertex.fx
	EndProjectSection
EndProject
Project("{FAE04EC0-301F-11D3-BF4B-00C04F79EFBC}") = "Starter", "Starter\Starter.csproj", "{97047827-BF3D-478D-8467-686F75536A01}"
EndProject
Project("{8BC9CEB8-8B4A-11D0-8D11-00A0C91BC942}") = "Particles", "Particles\Particles.vcxproj", "{8FF3AFBC-CE14-4748-A2B6-6E48FC5761F4}"
EndProject
Global
	GlobalSection(SolutionConfigurationPlatforms) = preSolution
		Debug|Any CPU = Debug|Any CPU
		Debug|x64 = Debug|x64
		Debug|x86 = Debug|x86
		Release|Any CPU = Release|Any CPU
		Release|x64 = Release|x64
		Release|x86 = Release|x86
		Retail|Any CPU = Retail|Any CPU
		Retail|x64 = Retail|x64
		Retail|x86 = Retail|x86
	EndGlobalSection
	GlobalSection(ProjectConfigurationPlatforms) = postSolution
		{C5AC5F58-5B84-4A09-8E0A-0FFBA117FADE}.Debug|Any CPU.ActiveCfg = Debug|Win32
		{C5AC5F58-5B84-4A09-8E0A-0FFBA117FADE}.Debug|x64.ActiveCfg = Debug|x64
		{C5AC5F58-5B84-4A09-8E0A-0FFBA117FADE}.Debug|x64.Build.0 = Debug|x64
		{C5AC5F58-5B84-4A09-8E0A-0FFBA117FADE}.Debug|x86.ActiveCfg = Debug|Win32
		{C5AC5F58-5B84-4A09-8E0A-0FFBA117FADE}.Debug|x86.Build.0 = Debug|Win32
		{C5AC5F58-5B84-4A09-8E0A-0FFBA117FADE}.Release|Any CPU.ActiveCfg = Release|Win32
		{C5AC5F58-5B84-4A09-8E0A-0FFBA117FADE}.Release|x64.ActiveCfg = Release|x64
		{C5AC5F58-5B84-4A09-8E0A-0FFBA117FADE}.Release|x64.Build.0 = Release|x64
		{C5AC5F58-5B84-4A09-8E0A-0FFBA117FADE}.Release|x86.ActiveCfg = Release|Win32
		{C5AC5F58-5B84-4A09-8E0A-0FFBA117FADE}.Release|x86.Build.0 = Release|Win32
		{C5AC5F58-5B84-4A09-8E0A-0FFBA117FADE}.Retail|Any CPU.ActiveCfg = Retail|Win32
		{C5AC5F58-5B84-4A09-8E0A-0FFBA117FADE}.Retail|x64.ActiveCfg = Retail|x64
		{C5AC5F58-5B84-4A09-8E0A-0FFBA117FADE}.Retail|x64.Build.0 = Retail|x64
		{C5AC5F58-5B84-4A09-8E0A-0FFBA117FADE}.Retail|x86.ActiveCfg = Retail|Win32
		{C5AC5F58-5B84-4A09-8E0A-0FFBA117FADE}.Retail|x86.Build.0 = Retail|Win32
		{A854F9CA-5390-4CA1-BE0C-EC400F972D27}.Debug|Any CPU.ActiveCfg = Debug|Win32
		{A854F9CA-5390-4CA1-BE0C-EC400F972D27}.Debug|x64.ActiveCfg = Debug|x64
		{A854F9CA-5390-4CA1-BE0C-EC400F972D27}.Debug|x64.Build.0 = Debug|x64
		{A854F9CA-5390-4CA1-BE0C-EC400F972D27}.Debug|x86.ActiveCfg = Debug|Win32
		{A854F9CA-5390-4CA1-BE0C-EC400F972D27}.Debug|x86.Build.0 = Debug|Win32
		{A854F9CA-5390-4CA1-BE0C-EC400F972D27}.Release|Any CPU.ActiveCfg = Release|Win32
		{A854F9CA-5390-4CA1-BE0C-EC400F972D27}.Release|x64.ActiveCfg = Release|x64
		{A854F9CA-5390-4CA1-BE0C-EC400F972D27}.Release|x64.Build.0 = Release|x64
		{A854F9CA-5390-4CA1-BE0C-EC400F972D27}.Release|x86.ActiveCfg = Release|Win32
		{A854F9CA-5390-4CA1-BE0C-EC400F972D27}.Release|x86.Build.0 = Release|Win32
		{A854F9CA-5390-4CA1-BE0C-EC400F972D27}.Retail|Any CPU.ActiveCfg = Retail|Win32
		{A854F9CA-5390-4CA1-BE0C-EC400F972D27}.Retail|x64.ActiveCfg = Retail|x64
		{A854F9CA-5390-4CA1-BE0C-EC400F972D27}.Retail|x64.Build.0 = Retail|x64
		{A854F9CA-5390-4CA1-BE0C-EC400F972D27}.Retail|x86.ActiveCfg = Retail|Win32
		{A854F9CA-5390-4CA1-BE0C-EC400F972D27}.Retail|x86.Build.0 = Retail|Win32
		{2A943A8D-481F-42C6-9DF6-F0D3C78E0781}.Debug|Any CPU.ActiveCfg = Debug|Win32
		{2A943A8D-481F-42C6-9DF6-F0D3C78E0781}.Debug|x64.ActiveCfg = Debug|x64
		{2A943A8D-481F-42C6-9DF6-F0D3C78E0781}.Debug|x64.Build.0 = Debug|x64
		{2A943A8D-481F-42C6-9DF6-F0D3C78E0781}.Debug|x86.ActiveCfg = Debug|Win32
		{2A943A8D-481F-42C6-9DF6-F0D3C78E0781}.Debug|x86.Build.0 = Debug|Win32
		{2A943A8D-481F-42C6-9DF6-F0D3C78E0781}.Release|Any CPU.ActiveCfg = Release|Win32
		{2A943A8D-481F-42C6-9DF6-F0D3C78E0781}.Release|x64.ActiveCfg = Release|x64
		{2A943A8D-481F-42C6-9DF6-F0D3C78E0781}.Release|x64.Build.0 = Release|x64
		{2A943A8D-481F-42C6-9DF6-F0D3C78E0781}.Release|x86.ActiveCfg = Release|Win32
		{2A943A8D-481F-42C6-9DF6-F0D3C78E0781}.Release|x86.Build.0 = Release|Win32
		{2A943A8D-481F-42C6-9DF6-F0D3C78E0781}.Retail|Any CPU.ActiveCfg = Retail|Win32
		{2A943A8D-481F-42C6-9DF6-F0D3C78E0781}.Retail|x64.ActiveCfg = Retail|x64
		{2A943A8D-481F-42C6-9DF6-F0D3C78E0781}.Retail|x64.Build.0 = Retail|x64
		{2A943A8D-481F-42C6-9DF6-F0D3C78E0781}.Retail|x86.ActiveCfg = Retail|Win32
		{2A943A8D-481F-42C6-9DF6-F0D3C78E0781}.Retail|x86.Build.0 = Retail|Win32
		{338D88B3-D687-4066-BBE8-4055D464E5AD}.Debug|Any CPU.ActiveCfg = Debug|Win32
		{338D88B3-D687-4066-BBE8-4055D464E5AD}.Debug|x64.ActiveCfg = Debug|x64
		{338D88B3-D687-4066-BBE8-4055D464E5AD}.Debug|x64.Build.0 = Debug|x64
		{338D88B3-D687-4066-BBE8-4055D464E5AD}.Debug|x86.ActiveCfg = Debug|Win32
		{338D88B3-D687-4066-BBE8-4055D464E5AD}.Debug|x86.Build.0 = Debug|Win32
		{338D88B3-D687-4066-BBE8-4055D464E5AD}.Release|Any CPU.ActiveCfg = Release|Win32
		{338D88B3-D687-4066-BBE8-4055D464E5AD}.Release|x64.ActiveCfg = Release|x64
		{338D88B3-D687-4066-BBE8-4055D464E5AD}.Release|x64.Build.0 = Release|x64
		{338D88B3-D687-4066-BBE8-4055D464E5AD}.Release|x86.ActiveCfg = Release|Win32
		{338D88B3-D687-4066-BBE8-4055D464E5AD}.Release|x86.Build.0 = Release|Win32
		{338D88B3-D687-4066-BBE8-4055D464E5AD}.Retail|Any CPU.ActiveCfg = Retail|Win32
		{338D88B3-D687-4066-BBE8-4055D464E5AD}.Retail|x64.ActiveCfg = Retail|x64
		{338D88B3-D687-4066-BBE8-4055D464E5AD}.Retail|x64.Build.0 = Retail|x64
		{338D88B3-D687-4066-BBE8-4055D464E5AD}.Retail|x86.ActiveCfg = Retail|Win32
		{338D88B3-D687-4066-BBE8-4055D464E5AD}.Retail|x86.Build.0 = Retail|Win32
		{ACC2E4BB-BF6D-41F6-8F14-DE1A07F97D69}.Debug|Any CPU.ActiveCfg = Debug|Win32
		{ACC2E4BB-BF6D-41F6-8F14-DE1A07F97D69}.Debug|x64.ActiveCfg = Debug|x64
		{ACC2E4BB-BF6D-41F6-8F14-DE1A07F97D69}.Debug|x64.Build.0 = Debug|x64
		{ACC2E4BB-BF6D-41F6-8F14-DE1A07F97D69}.Debug|x86.ActiveCfg = Debug|Win32
		{ACC2E4BB-BF6D-41F6-8F14-DE1A07F97D69}.Debug|x86.Build.0 = Debug|Win32
		{ACC2E4BB-BF6D-41F6-8F14-DE1A07F97D69}.Release|Any CPU.ActiveCfg = Release|Win32
		{ACC2E4BB-BF6D-41F6-8F14-DE1A07F97D69}.Release|x64.ActiveCfg = Release|x64
		{ACC2E4BB-BF6D-41F6-8F14-DE1A07F97D69}.Release|x64.Build.0 = Release|x64
		{ACC2E4BB-BF6D-41F6-8F14-DE1A07F97D69}.Release|x86.ActiveCfg = Release|Win32
		{ACC2E4BB-BF6D-41F6-8F14-DE1A07F97D69}.Release|x86.Build.0 = Release|Win32
		{ACC2E4BB-BF6D-41F6-8F14-DE1A07F97D69}.Retail|Any CPU.ActiveCfg = Retail|Win32
		{ACC2E4BB-BF6D-41F6-8F14-DE1A07F97D69}.Retail|x64.ActiveCfg = Retail|x64
		{ACC2E4BB-BF6D-41F6-8F14-DE1A07F97D69}.Retail|x64.Build.0 = Retail|x64
		{ACC2E4BB-BF6D-41F6-8F14-DE1A07F97D69}.Retail|x86.ActiveCfg = Retail|Win32
		{ACC2E4BB-BF6D-41F6-8F14-DE1A07F97D69}.Retail|x86.Build.0 = Retail|Win32
		{E5342654-71E1-4CC7-83D8-DAF4F7145CE7}.Debug|Any CPU.ActiveCfg = Debug|Win32
		{E5342654-71E1-4CC7-83D8-DAF4F7145CE7}.Debug|x64.ActiveCfg = Debug|x64
		{E5342654-71E1-4CC7-83D8-DAF4F7145CE7}.Debug|x64.Build.0 = Debug|x64
		{E5342654-71E1-4CC7-83D8-DAF4F7145CE7}.Debug|x86.ActiveCfg = Debug|Win32
		{E5342654-71E1-4CC7-83D8-DAF4F7145CE7}.Debug|x86.Build.0 = Debug|Win32
		{E5342654-71E1-4CC7-83D8-DAF4F7145CE7}.Release|Any CPU.ActiveCfg = Release|Win32
		{E5342654-71E1-4CC7-83D8-DAF4F7145CE7}.Release|x64.ActiveCfg = Release|x64
		{E5342654-71E1-4CC7-83D8-DAF4F7145CE7}.Release|x64.Build.0 = Release|x64
		{E5342654-71E1-4CC7-83D8-DAF4F7145CE7}.Release|x86.ActiveCfg = Release|Win32
		{E5342654-71E1-4CC7-83D8-DAF4F7145CE7}.Release|x86.Build.0 = Release|Win32
		{E5342654-71E1-4CC7-83D8-DAF4F7145CE7}.Retail|Any CPU.ActiveCfg = Retail|Win32
		{E5342654-71E1-4CC7-83D8-DAF4F7145CE7}.Retail|x64.ActiveCfg = Retail|x64
		{E5342654-71E1-4CC7-83D8-DAF4F7145CE7}.Retail|x64.Build.0 = Retail|x64
		{E5342654-71E1-4CC7-83D8-DAF4F7145CE7}.Retail|x86.ActiveCfg = Retail|Win32
		{E5342654-71E1-4CC7-83D8-DAF4F7145CE7}.Retail|x86.Build.0 = Retail|Win32
		{FF997492-8A34-4E1C-B403-48CABD258797}.Debug|Any CPU.ActiveCfg = Debug|Win32
		{FF997492-8A34-4E1C-B403-48CABD258797}.Debug|x64.ActiveCfg = Debug|x64
		{FF997492-8A34-4E1C-B403-48CABD258797}.Debug|x64.Build.0 = Debug|x64
		{FF997492-8A34-4E1C-B403-48CABD258797}.Debug|x86.ActiveCfg = Debug|Win32
		{FF997492-8A34-4E1C-B403-48CABD258797}.Debug|x86.Build.0 = Debug|Win32
		{FF997492-8A34-4E1C-B403-48CABD258797}.Release|Any CPU.ActiveCfg = Release|Win32
		{FF997492-8A34-4E1C-B403-48CABD258797}.Release|x64.ActiveCfg = Release|x64
		{FF997492-8A34-4E1C-B403-48CABD258797}.Release|x64.Build.0 = Release|x64
		{FF997492-8A34-4E1C-B403-48CABD258797}.Release|x86.ActiveCfg = Release|Win32
		{FF997492-8A34-4E1C-B403-48CABD258797}.Release|x86.Build.0 = Release|Win32
		{FF997492-8A34-4E1C-B403-48CABD258797}.Retail|Any CPU.ActiveCfg = Retail|Win32
		{FF997492-8A34-4E1C-B403-48CABD258797}.Retail|x64.ActiveCfg = Retail|x64
		{FF997492-8A34-4E1C-B403-48CABD258797}.Retail|x64.Build.0 = Retail|x64
		{FF997492-8A34-4E1C-B403-48CABD258797}.Retail|x86.ActiveCfg = Retail|Win32
		{FF997492-8A34-4E1C-B403-48CABD258797}.Retail|x86.Build.0 = Retail|Win32
		{43C29576-475C-49D6-A039-6F4FE38AD1A4}.Debug|Any CPU.ActiveCfg = Debug|Win32
		{43C29576-475C-49D6-A039-6F4FE38AD1A4}.Debug|x64.ActiveCfg = Debug|x64
		{43C29576-475C-49D6-A039-6F4FE38AD1A4}.Debug|x64.Build.0 = Debug|x64
		{43C29576-475C-49D6-A039-6F4FE38AD1A4}.Debug|x86.ActiveCfg = Debug|Win32
		{43C29576-475C-49D6-A039-6F4FE38AD1A4}.Debug|x86.Build.0 = Debug|Win32
		{43C29576-475C-49D6-A039-6F4FE38AD1A4}.Release|Any CPU.ActiveCfg = Release|Win32
		{43C29576-475C-49D6-A039-6F4FE38AD1A4}.Release|x64.ActiveCfg = Release|x64
		{43C29576-475C-49D6-A039-6F4FE38AD1A4}.Release|x64.Build.0 = Release|x64
		{43C29576-475C-49D6-A039-6F4FE38AD1A4}.Release|x86.ActiveCfg = Release|Win32
		{43C29576-475C-49D6-A039-6F4FE38AD1A4}.Release|x86.Build.0 = Release|Win32
		{43C29576-475C-49D6-A039-6F4FE38AD1A4}.Retail|Any CPU.ActiveCfg = Retail|Win32
		{43C29576-475C-49D6-A039-6F4FE38AD1A4}.Retail|x64.ActiveCfg = Retail|x64
		{43C29576-475C-49D6-A039-6F4FE38AD1A4}.Retail|x64.Build.0 = Retail|x64
		{43C29576-475C-49D6-A039-6F4FE38AD1A4}.Retail|x86.ActiveCfg = Retail|Win32
		{43C29576-475C-49D6-A039-6F4FE38AD1A4}.Retail|x86.Build.0 = Retail|Win32
		{3993F760-8DA4-4813-A704-CE28766FD630}.Debug|Any CPU.ActiveCfg = Debug|Win32
		{3993F760-8DA4-4813-A704-CE28766FD630}.Debug|x64.ActiveCfg = Debug|x64
		{3993F760-8DA4-4813-A704-CE28766FD630}.Debug|x64.Build.0 = Debug|x64
		{3993F760-8DA4-4813-A704-CE28766FD630}.Debug|x86.ActiveCfg = Debug|Win32
		{3993F760-8DA4-4813-A704-CE28766FD630}.Debug|x86.Build.0 = Debug|Win32
		{3993F760-8DA4-4813-A704-CE28766FD630}.Release|Any CPU.ActiveCfg = Release|Win32
		{3993F760-8DA4-4813-A704-CE28766FD630}.Release|x64.ActiveCfg = Release|x64
		{3993F760-8DA4-4813-A704-CE28766FD630}.Release|x64.Build.0 = Release|x64
		{3993F760-8DA4-4813-A704-CE28766FD630}.Release|x86.ActiveCfg = Release|Win32
		{3993F760-8DA4-4813-A704-CE28766FD630}.Release|x86.Build.0 = Release|Win32
		{3993F760-8DA4-4813-A704-CE28766FD630}.Retail|Any CPU.ActiveCfg = Retail|Win32
		{3993F760-8DA4-4813-A704-CE28766FD630}.Retail|x64.ActiveCfg = Retail|x64
		{3993F760-8DA4-4813-A704-CE28766FD630}.Retail|x64.Build.0 = Retail|x64
		{3993F760-8DA4-4813-A704-CE28766FD630}.Retail|x86.ActiveCfg = Retail|Win32
		{3993F760-8DA4-4813-A704-CE28766FD630}.Retail|x86.Build.0 = Retail|Win32
		{B5915C8F-2AEF-4137-BCBE-152F819860CD}.Debug|Any CPU.ActiveCfg = Debug|Win32
		{B5915C8F-2AEF-4137-BCBE-152F819860CD}.Debug|x64.ActiveCfg = Debug|x64
		{B5915C8F-2AEF-4137-BCBE-152F819860CD}.Debug|x64.Build.0 = Debug|x64
		{B5915C8F-2AEF-4137-BCBE-152F819860CD}.Debug|x86.ActiveCfg = Debug|Win32
		{B5915C8F-2AEF-4137-BCBE-152F819860CD}.Debug|x86.Build.0 = Debug|Win32
		{B5915C8F-2AEF-4137-BCBE-152F819860CD}.Release|Any CPU.ActiveCfg = Release|Win32
		{B5915C8F-2AEF-4137-BCBE-152F819860CD}.Release|x64.ActiveCfg = Release|x64
		{B5915C8F-2AEF-4137-BCBE-152F819860CD}.Release|x86.ActiveCfg = Release|Win32
		{B5915C8F-2AEF-4137-BCBE-152F819860CD}.Release|x86.Build.0 = Release|Win32
		{B5915C8F-2AEF-4137-BCBE-152F819860CD}.Retail|Any CPU.ActiveCfg = Retail|Win32
		{B5915C8F-2AEF-4137-BCBE-152F819860CD}.Retail|x64.ActiveCfg = Retail|x64
		{B5915C8F-2AEF-4137-BCBE-152F819860CD}.Retail|x86.ActiveCfg = Retail|Win32
		{B5915C8F-2AEF-4137-BCBE-152F819860CD}.Retail|x86.Build.0 = Retail|Win32
		{11E472E1-7CE9-4029-B340-8C27B6D2E279}.Debug|Any CPU.ActiveCfg = Debug|Win32
		{11E472E1-7CE9-4029-B340-8C27B6D2E279}.Debug|x64.ActiveCfg = Debug|x64
		{11E472E1-7CE9-4029-B340-8C27B6D2E279}.Debug|x64.Build.0 = Debug|x64
		{11E472E1-7CE9-4029-B340-8C27B6D2E279}.Debug|x86.ActiveCfg = Debug|Win32
		{11E472E1-7CE9-4029-B340-8C27B6D2E279}.Debug|x86.Build.0 = Debug|Win32
		{11E472E1-7CE9-4029-B340-8C27B6D2E279}.Release|Any CPU.ActiveCfg = Release|Win32
		{11E472E1-7CE9-4029-B340-8C27B6D2E279}.Release|x64.ActiveCfg = Release|x64
		{11E472E1-7CE9-4029-B340-8C27B6D2E279}.Release|x64.Build.0 = Release|x64
		{11E472E1-7CE9-4029-B340-8C27B6D2E279}.Release|x86.ActiveCfg = Release|Win32
		{11E472E1-7CE9-4029-B340-8C27B6D2E279}.Release|x86.Build.0 = Release|Win32
		{11E472E1-7CE9-4029-B340-8C27B6D2E279}.Retail|Any CPU.ActiveCfg = Retail|Win32
		{11E472E1-7CE9-4029-B340-8C27B6D2E279}.Retail|x64.ActiveCfg = Retail|x64
		{11E472E1-7CE9-4029-B340-8C27B6D2E279}.Retail|x64.Build.0 = Retail|x64
		{11E472E1-7CE9-4029-B340-8C27B6D2E279}.Retail|x86.ActiveCfg = Retail|Win32
		{11E472E1-7CE9-4029-B340-8C27B6D2E279}.Retail|x86.Build.0 = Retail|Win32
		{EACE5A51-158E-4E6B-9D38-1A4597E76A67}.Debug|Any CPU.ActiveCfg = Debug|Win32
		{EACE5A51-158E-4E6B-9D38-1A4597E76A67}.Debug|x64.ActiveCfg = Debug|x64
		{EACE5A51-158E-4E6B-9D38-1A4597E76A67}.Debug|x64.Build.0 = Debug|x64
		{EACE5A51-158E-4E6B-9D38-1A4597E76A67}.Debug|x86.ActiveCfg = Debug|Win32
		{EACE5A51-158E-4E6B-9D38-1A4597E76A67}.Debug|x86.Build.0 = Debug|Win32
		{EACE5A51-158E-4E6B-9D38-1A4597E76A67}.Release|Any CPU.ActiveCfg = Release|Win32
		{EACE5A51-158E-4E6B-9D38-1A4597E76A67}.Release|x64.ActiveCfg = Release|x64
		{EACE5A51-158E-4E6B-9D38-1A4597E76A67}.Release|x64.Build.0 = Release|x64
		{EACE5A51-158E-4E6B-9D38-1A4597E76A67}.Release|x86.ActiveCfg = Release|Win32
		{EACE5A51-158E-4E6B-9D38-1A4597E76A67}.Release|x86.Build.0 = Release|Win32
		{EACE5A51-158E-4E6B-9D38-1A4597E76A67}.Retail|Any CPU.ActiveCfg = Retail|Win32
		{EACE5A51-158E-4E6B-9D38-1A4597E76A67}.Retail|x64.ActiveCfg = Retail|x64
		{EACE5A51-158E-4E6B-9D38-1A4597E76A67}.Retail|x64.Build.0 = Retail|x64
		{EACE5A51-158E-4E6B-9D38-1A4597E76A67}.Retail|x86.ActiveCfg = Retail|Win32
		{EACE5A51-158E-4E6B-9D38-1A4597E76A67}.Retail|x86.Build.0 = Retail|Win32
		{6389ED6F-5FCB-4021-B485-8EE95AC0FCC6}.Debug|Any CPU.ActiveCfg = Debug|Any CPU
		{6389ED6F-5FCB-4021-B485-8EE95AC0FCC6}.Debug|Any CPU.Build.0 = Debug|Any CPU
		{6389ED6F-5FCB-4021-B485-8EE95AC0FCC6}.Debug|x64.ActiveCfg = Debug|Any CPU
		{6389ED6F-5FCB-4021-B485-8EE95AC0FCC6}.Debug|x86.ActiveCfg = Debug|Any CPU
		{6389ED6F-5FCB-4021-B485-8EE95AC0FCC6}.Debug|x86.Build.0 = Debug|Any CPU
		{6389ED6F-5FCB-4021-B485-8EE95AC0FCC6}.Release|Any CPU.ActiveCfg = Release|Any CPU
		{6389ED6F-5FCB-4021-B485-8EE95AC0FCC6}.Release|Any CPU.Build.0 = Release|Any CPU
		{6389ED6F-5FCB-4021-B485-8EE95AC0FCC6}.Release|x64.ActiveCfg = Release|Any CPU
		{6389ED6F-5FCB-4021-B485-8EE95AC0FCC6}.Release|x64.Build.0 = Release|Any CPU
		{6389ED6F-5FCB-4021-B485-8EE95AC0FCC6}.Release|x86.ActiveCfg = Release|Any CPU
		{6389ED6F-5FCB-4021-B485-8EE95AC0FCC6}.Release|x86.Build.0 = Release|Any CPU
		{6389ED6F-5FCB-4021-B485-8EE95AC0FCC6}.Retail|Any CPU.ActiveCfg = Release|Any CPU
		{6389ED6F-5FCB-4021-B485-8EE95AC0FCC6}.Retail|Any CPU.Build.0 = Release|Any CPU
		{6389ED6F-5FCB-4021-B485-8EE95AC0FCC6}.Retail|x64.ActiveCfg = Retail|Any CPU
		{6389ED6F-5FCB-4021-B485-8EE95AC0FCC6}.Retail|x64.Build.0 = Retail|Any CPU
		{6389ED6F-5FCB-4021-B485-8EE95AC0FCC6}.Retail|x86.ActiveCfg = Release|Any CPU
		{6389ED6F-5FCB-4021-B485-8EE95AC0FCC6}.Retail|x86.Build.0 = Release|Any CPU
		{3F2BE606-BD58-47CE-8191-F80BC500AA0C}.Debug|Any CPU.ActiveCfg = Debug|Win32
		{3F2BE606-BD58-47CE-8191-F80BC500AA0C}.Debug|x64.ActiveCfg = Debug|x64
		{3F2BE606-BD58-47CE-8191-F80BC500AA0C}.Debug|x64.Build.0 = Debug|x64
		{3F2BE606-BD58-47CE-8191-F80BC500AA0C}.Debug|x86.ActiveCfg = Debug|Win32
		{3F2BE606-BD58-47CE-8191-F80BC500AA0C}.Debug|x86.Build.0 = Debug|Win32
		{3F2BE606-BD58-47CE-8191-F80BC500AA0C}.Release|Any CPU.ActiveCfg = Release|Win32
		{3F2BE606-BD58-47CE-8191-F80BC500AA0C}.Release|x64.ActiveCfg = Release|x64
		{3F2BE606-BD58-47CE-8191-F80BC500AA0C}.Release|x64.Build.0 = Release|x64
		{3F2BE606-BD58-47CE-8191-F80BC500AA0C}.Release|x86.ActiveCfg = Release|Win32
		{3F2BE606-BD58-47CE-8191-F80BC500AA0C}.Release|x86.Build.0 = Release|Win32
		{3F2BE606-BD58-47CE-8191-F80BC500AA0C}.Retail|Any CPU.ActiveCfg = Release|Win32
		{3F2BE606-BD58-47CE-8191-F80BC500AA0C}.Retail|Any CPU.Build.0 = Release|Win32
		{3F2BE606-BD58-47CE-8191-F80BC500AA0C}.Retail|x64.ActiveCfg = Retail|x64
		{3F2BE606-BD58-47CE-8191-F80BC500AA0C}.Retail|x64.Build.0 = Retail|x64
		{3F2BE606-BD58-47CE-8191-F80BC500AA0C}.Retail|x86.ActiveCfg = Release|Win32
		{3F2BE606-BD58-47CE-8191-F80BC500AA0C}.Retail|x86.Build.0 = Release|Win32
		{F9F6B9B2-70ED-419E-B66F-E4214036A7DC}.Debug|Any CPU.ActiveCfg = Debug|x64
		{F9F6B9B2-70ED-419E-B66F-E4214036A7DC}.Debug|x64.ActiveCfg = Debug|x64
		{F9F6B9B2-70ED-419E-B66F-E4214036A7DC}.Debug|x64.Build.0 = Debug|x64
		{F9F6B9B2-70ED-419E-B66F-E4214036A7DC}.Debug|x86.ActiveCfg = Debug|x64
		{F9F6B9B2-70ED-419E-B66F-E4214036A7DC}.Release|Any CPU.ActiveCfg = Release|x64
		{F9F6B9B2-70ED-419E-B66F-E4214036A7DC}.Release|x64.ActiveCfg = Release|x64
		{F9F6B9B2-70ED-419E-B66F-E4214036A7DC}.Release|x64.Build.0 = Release|x64
		{F9F6B9B2-70ED-419E-B66F-E4214036A7DC}.Release|x86.ActiveCfg = Release|x64
		{F9F6B9B2-70ED-419E-B66F-E4214036A7DC}.Retail|Any CPU.ActiveCfg = Release|x64
		{F9F6B9B2-70ED-419E-B66F-E4214036A7DC}.Retail|Any CPU.Build.0 = Release|x64
		{F9F6B9B2-70ED-419E-B66F-E4214036A7DC}.Retail|x64.ActiveCfg = Retail|x64
		{F9F6B9B2-70ED-419E-B66F-E4214036A7DC}.Retail|x64.Build.0 = Retail|x64
		{F9F6B9B2-70ED-419E-B66F-E4214036A7DC}.Retail|x86.ActiveCfg = Release|x64
		{F9F6B9B2-70ED-419E-B66F-E4214036A7DC}.Retail|x86.Build.0 = Release|x64
		{CBC04772-EFF5-45EE-8C89-C09E24C4236C}.Debug|Any CPU.ActiveCfg = Debug|Win32
		{CBC04772-EFF5-45EE-8C89-C09E24C4236C}.Debug|x64.ActiveCfg = Debug|x64
		{CBC04772-EFF5-45EE-8C89-C09E24C4236C}.Debug|x64.Build.0 = Debug|x64
		{CBC04772-EFF5-45EE-8C89-C09E24C4236C}.Debug|x86.ActiveCfg = Debug|Win32
		{CBC04772-EFF5-45EE-8C89-C09E24C4236C}.Debug|x86.Build.0 = Debug|Win32
		{CBC04772-EFF5-45EE-8C89-C09E24C4236C}.Release|Any CPU.ActiveCfg = Release|Win32
		{CBC04772-EFF5-45EE-8C89-C09E24C4236C}.Release|x64.ActiveCfg = Release|x64
		{CBC04772-EFF5-45EE-8C89-C09E24C4236C}.Release|x64.Build.0 = Release|x64
		{CBC04772-EFF5-45EE-8C89-C09E24C4236C}.Release|x86.ActiveCfg = Release|Win32
		{CBC04772-EFF5-45EE-8C89-C09E24C4236C}.Release|x86.Build.0 = Release|Win32
		{CBC04772-EFF5-45EE-8C89-C09E24C4236C}.Retail|Any CPU.ActiveCfg = Release|Win32
		{CBC04772-EFF5-45EE-8C89-C09E24C4236C}.Retail|Any CPU.Build.0 = Release|Win32
		{CBC04772-EFF5-45EE-8C89-C09E24C4236C}.Retail|x64.ActiveCfg = Retail|x64
		{CBC04772-EFF5-45EE-8C89-C09E24C4236C}.Retail|x64.Build.0 = Retail|x64
		{CBC04772-EFF5-45EE-8C89-C09E24C4236C}.Retail|x86.ActiveCfg = Release|Win32
		{CBC04772-EFF5-45EE-8C89-C09E24C4236C}.Retail|x86.Build.0 = Release|Win32
		{6E47AED6-24EF-438B-80F4-70F41F899959}.Debug|Any CPU.ActiveCfg = Debug|Win32
		{6E47AED6-24EF-438B-80F4-70F41F899959}.Debug|x64.ActiveCfg = Debug|x64
		{6E47AED6-24EF-438B-80F4-70F41F899959}.Debug|x64.Build.0 = Debug|x64
		{6E47AED6-24EF-438B-80F4-70F41F899959}.Debug|x86.ActiveCfg = Debug|Win32
		{6E47AED6-24EF-438B-80F4-70F41F899959}.Debug|x86.Build.0 = Debug|Win32
		{6E47AED6-24EF-438B-80F4-70F41F899959}.Release|Any CPU.ActiveCfg = Release|Win32
		{6E47AED6-24EF-438B-80F4-70F41F899959}.Release|x64.ActiveCfg = Release|x64
		{6E47AED6-24EF-438B-80F4-70F41F899959}.Release|x64.Build.0 = Release|x64
		{6E47AED6-24EF-438B-80F4-70F41F899959}.Release|x86.ActiveCfg = Release|Win32
		{6E47AED6-24EF-438B-80F4-70F41F899959}.Release|x86.Build.0 = Release|Win32
		{6E47AED6-24EF-438B-80F4-70F41F899959}.Retail|Any CPU.ActiveCfg = Retail|Win32
		{6E47AED6-24EF-438B-80F4-70F41F899959}.Retail|x64.ActiveCfg = Retail|x64
		{6E47AED6-24EF-438B-80F4-70F41F899959}.Retail|x64.Build.0 = Retail|x64
		{6E47AED6-24EF-438B-80F4-70F41F899959}.Retail|x86.ActiveCfg = Retail|Win32
		{6E47AED6-24EF-438B-80F4-70F41F899959}.Retail|x86.Build.0 = Retail|Win32
		{62EA3AFE-A11B-43D0-86A3-1E29AA057693}.Debug|Any CPU.ActiveCfg = Debug|Win32
		{62EA3AFE-A11B-43D0-86A3-1E29AA057693}.Debug|x64.ActiveCfg = Debug|x64
		{62EA3AFE-A11B-43D0-86A3-1E29AA057693}.Debug|x64.Build.0 = Debug|x64
		{62EA3AFE-A11B-43D0-86A3-1E29AA057693}.Debug|x86.ActiveCfg = Debug|Win32
		{62EA3AFE-A11B-43D0-86A3-1E29AA057693}.Debug|x86.Build.0 = Debug|Win32
		{62EA3AFE-A11B-43D0-86A3-1E29AA057693}.Release|Any CPU.ActiveCfg = Release|Win32
		{62EA3AFE-A11B-43D0-86A3-1E29AA057693}.Release|x64.ActiveCfg = Release|x64
		{62EA3AFE-A11B-43D0-86A3-1E29AA057693}.Release|x64.Build.0 = Release|x64
		{62EA3AFE-A11B-43D0-86A3-1E29AA057693}.Release|x86.ActiveCfg = Release|Win32
		{62EA3AFE-A11B-43D0-86A3-1E29AA057693}.Release|x86.Build.0 = Release|Win32
		{62EA3AFE-A11B-43D0-86A3-1E29AA057693}.Retail|Any CPU.ActiveCfg = Release|Win32
		{62EA3AFE-A11B-43D0-86A3-1E29AA057693}.Retail|Any CPU.Build.0 = Release|Win32
		{62EA3AFE-A11B-43D0-86A3-1E29AA057693}.Retail|x64.ActiveCfg = Retail|x64
		{62EA3AFE-A11B-43D0-86A3-1E29AA057693}.Retail|x64.Build.0 = Retail|x64
		{62EA3AFE-A11B-43D0-86A3-1E29AA057693}.Retail|x86.ActiveCfg = Release|Win32
		{62EA3AFE-A11B-43D0-86A3-1E29AA057693}.Retail|x86.Build.0 = Release|Win32
		{77ACE5E5-0296-48A8-AF80-02538F7188C5}.Debug|Any CPU.ActiveCfg = Debug|Win32
		{77ACE5E5-0296-48A8-AF80-02538F7188C5}.Debug|x64.ActiveCfg = Debug|x64
		{77ACE5E5-0296-48A8-AF80-02538F7188C5}.Debug|x64.Build.0 = Debug|x64
		{77ACE5E5-0296-48A8-AF80-02538F7188C5}.Debug|x86.ActiveCfg = Debug|Win32
		{77ACE5E5-0296-48A8-AF80-02538F7188C5}.Debug|x86.Build.0 = Debug|Win32
		{77ACE5E5-0296-48A8-AF80-02538F7188C5}.Release|Any CPU.ActiveCfg = Release|Win32
		{77ACE5E5-0296-48A8-AF80-02538F7188C5}.Release|x64.ActiveCfg = Release|x64
		{77ACE5E5-0296-48A8-AF80-02538F7188C5}.Release|x64.Build.0 = Release|x64
		{77ACE5E5-0296-48A8-AF80-02538F7188C5}.Release|x86.ActiveCfg = Release|Win32
		{77ACE5E5-0296-48A8-AF80-02538F7188C5}.Release|x86.Build.0 = Release|Win32
		{77ACE5E5-0296-48A8-AF80-02538F7188C5}.Retail|Any CPU.ActiveCfg = Release|Win32
		{77ACE5E5-0296-48A8-AF80-02538F7188C5}.Retail|Any CPU.Build.0 = Release|Win32
		{77ACE5E5-0296-48A8-AF80-02538F7188C5}.Retail|x64.ActiveCfg = Retail|x64
		{77ACE5E5-0296-48A8-AF80-02538F7188C5}.Retail|x64.Build.0 = Retail|x64
		{77ACE5E5-0296-48A8-AF80-02538F7188C5}.Retail|x86.ActiveCfg = Release|Win32
		{77ACE5E5-0296-48A8-AF80-02538F7188C5}.Retail|x86.Build.0 = Release|Win32
		{36F61D67-C746-4D60-9BDD-313641057E23}.Debug|Any CPU.ActiveCfg = Debug|Win32
		{36F61D67-C746-4D60-9BDD-313641057E23}.Debug|x64.ActiveCfg = Debug|x64
		{36F61D67-C746-4D60-9BDD-313641057E23}.Debug|x64.Build.0 = Debug|x64
		{36F61D67-C746-4D60-9BDD-313641057E23}.Debug|x86.ActiveCfg = Debug|Win32
		{36F61D67-C746-4D60-9BDD-313641057E23}.Debug|x86.Build.0 = Debug|Win32
		{36F61D67-C746-4D60-9BDD-313641057E23}.Release|Any CPU.ActiveCfg = Release|Win32
		{36F61D67-C746-4D60-9BDD-313641057E23}.Release|x64.ActiveCfg = Release|x64
		{36F61D67-C746-4D60-9BDD-313641057E23}.Release|x64.Build.0 = Release|x64
		{36F61D67-C746-4D60-9BDD-313641057E23}.Release|x86.ActiveCfg = Release|Win32
		{36F61D67-C746-4D60-9BDD-313641057E23}.Release|x86.Build.0 = Release|Win32
		{36F61D67-C746-4D60-9BDD-313641057E23}.Retail|Any CPU.ActiveCfg = Release|Win32
		{36F61D67-C746-4D60-9BDD-313641057E23}.Retail|Any CPU.Build.0 = Release|Win32
		{36F61D67-C746-4D60-9BDD-313641057E23}.Retail|x64.ActiveCfg = Retail|x64
		{36F61D67-C746-4D60-9BDD-313641057E23}.Retail|x64.Build.0 = Retail|x64
		{36F61D67-C746-4D60-9BDD-313641057E23}.Retail|x86.ActiveCfg = Release|Win32
		{36F61D67-C746-4D60-9BDD-313641057E23}.Retail|x86.Build.0 = Release|Win32
		{DA850603-0B3F-4FFC-AB52-FDD5A852EA54}.Debug|Any CPU.ActiveCfg = Debug|Win32
		{DA850603-0B3F-4FFC-AB52-FDD5A852EA54}.Debug|x64.ActiveCfg = Debug|x64
		{DA850603-0B3F-4FFC-AB52-FDD5A852EA54}.Debug|x64.Build.0 = Debug|x64
		{DA850603-0B3F-4FFC-AB52-FDD5A852EA54}.Debug|x86.ActiveCfg = Debug|Win32
		{DA850603-0B3F-4FFC-AB52-FDD5A852EA54}.Debug|x86.Build.0 = Debug|Win32
		{DA850603-0B3F-4FFC-AB52-FDD5A852EA54}.Release|Any CPU.ActiveCfg = Release|Win32
		{DA850603-0B3F-4FFC-AB52-FDD5A852EA54}.Release|x64.ActiveCfg = Release|x64
		{DA850603-0B3F-4FFC-AB52-FDD5A852EA54}.Release|x64.Build.0 = Release|x64
		{DA850603-0B3F-4FFC-AB52-FDD5A852EA54}.Release|x86.ActiveCfg = Release|Win32
		{DA850603-0B3F-4FFC-AB52-FDD5A852EA54}.Release|x86.Build.0 = Release|Win32
		{DA850603-0B3F-4FFC-AB52-FDD5A852EA54}.Retail|Any CPU.ActiveCfg = Release|Win32
		{DA850603-0B3F-4FFC-AB52-FDD5A852EA54}.Retail|Any CPU.Build.0 = Release|Win32
		{DA850603-0B3F-4FFC-AB52-FDD5A852EA54}.Retail|x64.ActiveCfg = Retail|x64
		{DA850603-0B3F-4FFC-AB52-FDD5A852EA54}.Retail|x64.Build.0 = Retail|x64
		{DA850603-0B3F-4FFC-AB52-FDD5A852EA54}.Retail|x86.ActiveCfg = Release|Win32
		{DA850603-0B3F-4FFC-AB52-FDD5A852EA54}.Retail|x86.Build.0 = Release|Win32
		{2E206E26-7C71-4D89-9A90-2A3D0C132C9D}.Debug|Any CPU.ActiveCfg = Debug|Win32
		{2E206E26-7C71-4D89-9A90-2A3D0C132C9D}.Debug|x64.ActiveCfg = Debug|x64
		{2E206E26-7C71-4D89-9A90-2A3D0C132C9D}.Debug|x64.Build.0 = Debug|x64
		{2E206E26-7C71-4D89-9A90-2A3D0C132C9D}.Debug|x86.ActiveCfg = Debug|Win32
		{2E206E26-7C71-4D89-9A90-2A3D0C132C9D}.Debug|x86.Build.0 = Debug|Win32
		{2E206E26-7C71-4D89-9A90-2A3D0C132C9D}.Release|Any CPU.ActiveCfg = Release|Win32
		{2E206E26-7C71-4D89-9A90-2A3D0C132C9D}.Release|x64.ActiveCfg = Release|x64
		{2E206E26-7C71-4D89-9A90-2A3D0C132C9D}.Release|x64.Build.0 = Release|x64
		{2E206E26-7C71-4D89-9A90-2A3D0C132C9D}.Release|x86.ActiveCfg = Release|Win32
		{2E206E26-7C71-4D89-9A90-2A3D0C132C9D}.Release|x86.Build.0 = Release|Win32
		{2E206E26-7C71-4D89-9A90-2A3D0C132C9D}.Retail|Any CPU.ActiveCfg = Release|Win32
		{2E206E26-7C71-4D89-9A90-2A3D0C132C9D}.Retail|Any CPU.Build.0 = Release|Win32
		{2E206E26-7C71-4D89-9A90-2A3D0C132C9D}.Retail|x64.ActiveCfg = Retail|x64
		{2E206E26-7C71-4D89-9A90-2A3D0C132C9D}.Retail|x64.Build.0 = Retail|x64
		{2E206E26-7C71-4D89-9A90-2A3D0C132C9D}.Retail|x86.ActiveCfg = Release|Win32
		{2E206E26-7C71-4D89-9A90-2A3D0C132C9D}.Retail|x86.Build.0 = Release|Win32
		{45C9B825-ABBD-43CB-A8F7-F44FA5C890A0}.Debug|Any CPU.ActiveCfg = Debug|Win32
		{45C9B825-ABBD-43CB-A8F7-F44FA5C890A0}.Debug|x64.ActiveCfg = Debug|x64
		{45C9B825-ABBD-43CB-A8F7-F44FA5C890A0}.Debug|x64.Build.0 = Debug|x64
		{45C9B825-ABBD-43CB-A8F7-F44FA5C890A0}.Debug|x86.ActiveCfg = Debug|Win32
		{45C9B825-ABBD-43CB-A8F7-F44FA5C890A0}.Debug|x86.Build.0 = Debug|Win32
		{45C9B825-ABBD-43CB-A8F7-F44FA5C890A0}.Release|Any CPU.ActiveCfg = Release|Win32
		{45C9B825-ABBD-43CB-A8F7-F44FA5C890A0}.Release|x64.ActiveCfg = Release|x64
		{45C9B825-ABBD-43CB-A8F7-F44FA5C890A0}.Release|x64.Build.0 = Release|x64
		{45C9B825-ABBD-43CB-A8F7-F44FA5C890A0}.Release|x86.ActiveCfg = Release|Win32
		{45C9B825-ABBD-43CB-A8F7-F44FA5C890A0}.Release|x86.Build.0 = Release|Win32
		{45C9B825-ABBD-43CB-A8F7-F44FA5C890A0}.Retail|Any CPU.ActiveCfg = Release|Win32
		{45C9B825-ABBD-43CB-A8F7-F44FA5C890A0}.Retail|Any CPU.Build.0 = Release|Win32
		{45C9B825-ABBD-43CB-A8F7-F44FA5C890A0}.Retail|x64.ActiveCfg = Retail|x64
		{45C9B825-ABBD-43CB-A8F7-F44FA5C890A0}.Retail|x64.Build.0 = Retail|x64
		{45C9B825-ABBD-43CB-A8F7-F44FA5C890A0}.Retail|x86.ActiveCfg = Release|Win32
		{45C9B825-ABBD-43CB-A8F7-F44FA5C890A0}.Retail|x86.Build.0 = Release|Win32
		{97047827-BF3D-478D-8467-686F75536A01}.Debug|Any CPU.ActiveCfg = Debug|Any CPU
		{97047827-BF3D-478D-8467-686F75536A01}.Debug|Any CPU.Build.0 = Debug|Any CPU
		{97047827-BF3D-478D-8467-686F75536A01}.Debug|x64.ActiveCfg = Debug|Any CPU
		{97047827-BF3D-478D-8467-686F75536A01}.Debug|x64.Build.0 = Debug|Any CPU
		{97047827-BF3D-478D-8467-686F75536A01}.Debug|x86.ActiveCfg = Debug|Any CPU
		{97047827-BF3D-478D-8467-686F75536A01}.Debug|x86.Build.0 = Debug|Any CPU
		{97047827-BF3D-478D-8467-686F75536A01}.Release|Any CPU.ActiveCfg = Release|Any CPU
		{97047827-BF3D-478D-8467-686F75536A01}.Release|Any CPU.Build.0 = Release|Any CPU
		{97047827-BF3D-478D-8467-686F75536A01}.Release|x64.ActiveCfg = Release|Any CPU
		{97047827-BF3D-478D-8467-686F75536A01}.Release|x64.Build.0 = Release|Any CPU
		{97047827-BF3D-478D-8467-686F75536A01}.Release|x86.ActiveCfg = Release|Any CPU
		{97047827-BF3D-478D-8467-686F75536A01}.Release|x86.Build.0 = Release|Any CPU
		{97047827-BF3D-478D-8467-686F75536A01}.Retail|Any CPU.ActiveCfg = Release|Any CPU
		{97047827-BF3D-478D-8467-686F75536A01}.Retail|Any CPU.Build.0 = Release|Any CPU
		{97047827-BF3D-478D-8467-686F75536A01}.Retail|x64.ActiveCfg = Retail|Any CPU
		{97047827-BF3D-478D-8467-686F75536A01}.Retail|x64.Build.0 = Retail|Any CPU
		{97047827-BF3D-478D-8467-686F75536A01}.Retail|x86.ActiveCfg = Release|Any CPU
		{97047827-BF3D-478D-8467-686F75536A01}.Retail|x86.Build.0 = Release|Any CPU
		{8FF3AFBC-CE14-4748-A2B6-6E48FC5761F4}.Debug|Any CPU.ActiveCfg = Debug|Win32
		{8FF3AFBC-CE14-4748-A2B6-6E48FC5761F4}.Debug|x64.ActiveCfg = Debug|x64
		{8FF3AFBC-CE14-4748-A2B6-6E48FC5761F4}.Debug|x64.Build.0 = Debug|x64
		{8FF3AFBC-CE14-4748-A2B6-6E48FC5761F4}.Debug|x86.ActiveCfg = Debug|Win32
		{8FF3AFBC-CE14-4748-A2B6-6E48FC5761F4}.Debug|x86.Build.0 = Debug|Win32
		{8FF3AFBC-CE14-4748-A2B6-6E48FC5761F4}.Release|Any CPU.ActiveCfg = Release|Win32
		{8FF3AFBC-CE14-4748-A2B6-6E48FC5761F4}.Release|x64.ActiveCfg = Release|x64
		{8FF3AFBC-CE14-4748-A2B6-6E48FC5761F4}.Release|x64.Build.0 = Release|x64
		{8FF3AFBC-CE14-4748-A2B6-6E48FC5761F4}.Release|x86.ActiveCfg = Release|Win32
		{8FF3AFBC-CE14-4748-A2B6-6E48FC5761F4}.Release|x86.Build.0 = Release|Win32
		{8FF3AFBC-CE14-4748-A2B6-6E48FC5761F4}.Retail|Any CPU.ActiveCfg = Release|x64
		{8FF3AFBC-CE14-4748-A2B6-6E48FC5761F4}.Retail|Any CPU.Build.0 = Release|x64
		{8FF3AFBC-CE14-4748-A2B6-6E48FC5761F4}.Retail|x64.ActiveCfg = Retail|x64
		{8FF3AFBC-CE14-4748-A2B6-6E48FC5761F4}.Retail|x64.Build.0 = Retail|x64
		{8FF3AFBC-CE14-4748-A2B6-6E48FC5761F4}.Retail|x86.ActiveCfg = Release|Win32
		{8FF3AFBC-CE14-4748-A2B6-6E48FC5761F4}.Retail|x86.Build.0 = Release|Win32
	EndGlobalSection
	GlobalSection(SolutionProperties) = preSolution
		HideSolutionNode = FALSE
	EndGlobalSection
	GlobalSection(NestedProjects) = preSolution
		{1A77405A-3C30-4C71-BB69-48D3AC474F0E} = {E8308878-AF21-4BF8-9E80-4D5265BFC105}
		{B6224D03-7AF6-4A48-8A12-FD98FFD3BB42} = {E8308878-AF21-4BF8-9E80-4D5265BFC105}
	EndGlobalSection
EndGlobal
